// !$*UTF8*$!
{
	archiveVersion = 1;
	classes = {
	};
	objectVersion = 63;
	objects = {

/* Begin PBXBuildFile section */
		490119302C087DD0009ADEC2 /* SearchInBinarySearchTree.swift in Sources */ = {isa = PBXBuildFile; fileRef = 4901192F2C087DD0009ADEC2 /* SearchInBinarySearchTree.swift */; };
		490119312C087DD0009ADEC2 /* SearchInBinarySearchTree.swift in Sources */ = {isa = PBXBuildFile; fileRef = 4901192F2C087DD0009ADEC2 /* SearchInBinarySearchTree.swift */; };
		490BB3642C0F441B0026F70C /* MaximizeDistanceToClosestPerson.swift in Sources */ = {isa = PBXBuildFile; fileRef = 490BB3632C0F441B0026F70C /* MaximizeDistanceToClosestPerson.swift */; };
		490BB3652C0F441B0026F70C /* MaximizeDistanceToClosestPerson.swift in Sources */ = {isa = PBXBuildFile; fileRef = 490BB3632C0F441B0026F70C /* MaximizeDistanceToClosestPerson.swift */; };
		490BD57E2C071DB7003AE043 /* NumberOfRecentCalls.swift in Sources */ = {isa = PBXBuildFile; fileRef = 490BD57D2C071DB7003AE043 /* NumberOfRecentCalls.swift */; };
		490BD57F2C071DB7003AE043 /* NumberOfRecentCalls.swift in Sources */ = {isa = PBXBuildFile; fileRef = 490BD57D2C071DB7003AE043 /* NumberOfRecentCalls.swift */; };
		490BD5822C0721AC003AE043 /* MaximumDepthOfBinaryTree.swift in Sources */ = {isa = PBXBuildFile; fileRef = 490BD5812C0721AC003AE043 /* MaximumDepthOfBinaryTree.swift */; };
		490BD5832C0721AC003AE043 /* MaximumDepthOfBinaryTree.swift in Sources */ = {isa = PBXBuildFile; fileRef = 490BD5812C0721AC003AE043 /* MaximumDepthOfBinaryTree.swift */; };
		490BD5862C072CD1003AE043 /* LeafSimilarTrees.swift in Sources */ = {isa = PBXBuildFile; fileRef = 490BD5852C072CD1003AE043 /* LeafSimilarTrees.swift */; };
		490BD5872C072CD1003AE043 /* LeafSimilarTrees.swift in Sources */ = {isa = PBXBuildFile; fileRef = 490BD5852C072CD1003AE043 /* LeafSimilarTrees.swift */; };
		4912C7AD2C09CBBA00DEB016 /* MinCostClimbingStairs.swift in Sources */ = {isa = PBXBuildFile; fileRef = 4912C7AC2C09CBBA00DEB016 /* MinCostClimbingStairs.swift */; };
		4912C7AE2C09CBBA00DEB016 /* MinCostClimbingStairs.swift in Sources */ = {isa = PBXBuildFile; fileRef = 4912C7AC2C09CBBA00DEB016 /* MinCostClimbingStairs.swift */; };
		49450F742C117FE90036A167 /* ContainerWithMostWater.swift in Sources */ = {isa = PBXBuildFile; fileRef = 49450F732C117FE90036A167 /* ContainerWithMostWater.swift */; };
		49450F752C117FE90036A167 /* ContainerWithMostWater.swift in Sources */ = {isa = PBXBuildFile; fileRef = 49450F732C117FE90036A167 /* ContainerWithMostWater.swift */; };
		49450F782C1182A70036A167 /* MaxNumberOfKSumPairs.swift in Sources */ = {isa = PBXBuildFile; fileRef = 49450F772C1182A70036A167 /* MaxNumberOfKSumPairs.swift */; };
		49450F792C1182A70036A167 /* MaxNumberOfKSumPairs.swift in Sources */ = {isa = PBXBuildFile; fileRef = 49450F772C1182A70036A167 /* MaxNumberOfKSumPairs.swift */; };
		49450F802C11AE370036A167 /* LongTestCases.swift in Sources */ = {isa = PBXBuildFile; fileRef = 49450F7F2C11AE370036A167 /* LongTestCases.swift */; };
		49450F812C11AE370036A167 /* LongTestCases.swift in Sources */ = {isa = PBXBuildFile; fileRef = 49450F7F2C11AE370036A167 /* LongTestCases.swift */; };
		49450F822C11AE370036A167 /* LongTestCases.swift in Sources */ = {isa = PBXBuildFile; fileRef = 49450F7F2C11AE370036A167 /* LongTestCases.swift */; };
		49450F832C11AE370036A167 /* LongTestCases.swift in Sources */ = {isa = PBXBuildFile; fileRef = 49450F7F2C11AE370036A167 /* LongTestCases.swift */; };
		494A7B5628B91461008CDBFE /* main.swift in Sources */ = {isa = PBXBuildFile; fileRef = 494A7B5528B91461008CDBFE /* main.swift */; };
		494A7B6C28B919C9008CDBFE /* main.swift in Sources */ = {isa = PBXBuildFile; fileRef = 494A7B5528B91461008CDBFE /* main.swift */; };
		495511992C12FC87004BCD04 /* TrieNode.swift in Sources */ = {isa = PBXBuildFile; fileRef = 495511982C12FC86004BCD04 /* TrieNode.swift */; };
		4955119A2C12FC87004BCD04 /* TrieNode.swift in Sources */ = {isa = PBXBuildFile; fileRef = 495511982C12FC86004BCD04 /* TrieNode.swift */; };
		4955119B2C12FC87004BCD04 /* TrieNode.swift in Sources */ = {isa = PBXBuildFile; fileRef = 495511982C12FC86004BCD04 /* TrieNode.swift */; };
		4955119C2C12FC87004BCD04 /* TrieNode.swift in Sources */ = {isa = PBXBuildFile; fileRef = 495511982C12FC86004BCD04 /* TrieNode.swift */; };
		4955119F2C12FCBB004BCD04 /* ReplaceWords.swift in Sources */ = {isa = PBXBuildFile; fileRef = 4955119E2C12FCBB004BCD04 /* ReplaceWords.swift */; };
		495511A02C12FCBB004BCD04 /* ReplaceWords.swift in Sources */ = {isa = PBXBuildFile; fileRef = 4955119E2C12FCBB004BCD04 /* ReplaceWords.swift */; };
		495D40492BFC94DC00ECFC81 /* BenchTimer.swift in Sources */ = {isa = PBXBuildFile; fileRef = 495D40482BFC94DC00ECFC81 /* BenchTimer.swift */; };
		495D404B2BFC95E400ECFC81 /* ListNode.swift in Sources */ = {isa = PBXBuildFile; fileRef = 495D404A2BFC95E400ECFC81 /* ListNode.swift */; };
		495D404D2BFC960B00ECFC81 /* TreeNode.swift in Sources */ = {isa = PBXBuildFile; fileRef = 495D404C2BFC960B00ECFC81 /* TreeNode.swift */; };
		495D404F2BFC965F00ECFC81 /* Node.swift in Sources */ = {isa = PBXBuildFile; fileRef = 495D404E2BFC965F00ECFC81 /* Node.swift */; };
		495D40532BFC969F00ECFC81 /* FirstBadVersion.swift in Sources */ = {isa = PBXBuildFile; fileRef = 495D40522BFC969F00ECFC81 /* FirstBadVersion.swift */; };
		495D405C2BFC97AF00ECFC81 /* BinaryTreeLevelOrderTraversal.swift in Sources */ = {isa = PBXBuildFile; fileRef = 495D405B2BFC97AF00ECFC81 /* BinaryTreeLevelOrderTraversal.swift */; };
		495D40652BFC992500ECFC81 /* BestTimeToBuyAndSellStock.swift in Sources */ = {isa = PBXBuildFile; fileRef = 495D40642BFC992500ECFC81 /* BestTimeToBuyAndSellStock.swift */; };
		495D40682BFC995D00ECFC81 /* LinkedListCycleII.swift in Sources */ = {isa = PBXBuildFile; fileRef = 495D40672BFC995D00ECFC81 /* LinkedListCycleII.swift */; };
		495D40712BFC9A2600ECFC81 /* MergeTwoSortedLists.swift in Sources */ = {isa = PBXBuildFile; fileRef = 495D40702BFC9A2600ECFC81 /* MergeTwoSortedLists.swift */; };
		495D40772BFC9ADE00ECFC81 /* IsomorphicStrings.swift in Sources */ = {isa = PBXBuildFile; fileRef = 495D40762BFC9ADE00ECFC81 /* IsomorphicStrings.swift */; };
		495D40EE2BFCBB7000ECFC81 /* MergeTwoSortedLists.swift in Sources */ = {isa = PBXBuildFile; fileRef = 495D40702BFC9A2600ECFC81 /* MergeTwoSortedLists.swift */; };
		495D40EF2BFCBB7400ECFC81 /* BinaryTreeLevelOrderTraversal.swift in Sources */ = {isa = PBXBuildFile; fileRef = 495D405B2BFC97AF00ECFC81 /* BinaryTreeLevelOrderTraversal.swift */; };
		495D40F02BFCBB7900ECFC81 /* BestTimeToBuyAndSellStock.swift in Sources */ = {isa = PBXBuildFile; fileRef = 495D40642BFC992500ECFC81 /* BestTimeToBuyAndSellStock.swift */; };
		495D40F12BFCBB8200ECFC81 /* LinkedListCycleII.swift in Sources */ = {isa = PBXBuildFile; fileRef = 495D40672BFC995D00ECFC81 /* LinkedListCycleII.swift */; };
		495D40F22BFCBB8500ECFC81 /* IsomorphicStrings.swift in Sources */ = {isa = PBXBuildFile; fileRef = 495D40762BFC9ADE00ECFC81 /* IsomorphicStrings.swift */; };
		495D40F42BFCBB8C00ECFC81 /* FirstBadVersion.swift in Sources */ = {isa = PBXBuildFile; fileRef = 495D40522BFC969F00ECFC81 /* FirstBadVersion.swift */; };
		495D40FD2BFCBBBE00ECFC81 /* Node.swift in Sources */ = {isa = PBXBuildFile; fileRef = 495D404E2BFC965F00ECFC81 /* Node.swift */; };
		495D40FE2BFCBBBE00ECFC81 /* BenchTimer.swift in Sources */ = {isa = PBXBuildFile; fileRef = 495D40482BFC94DC00ECFC81 /* BenchTimer.swift */; };
		495D40FF2BFCBBBE00ECFC81 /* TreeNode.swift in Sources */ = {isa = PBXBuildFile; fileRef = 495D404C2BFC960B00ECFC81 /* TreeNode.swift */; };
		495D41002BFCBBBE00ECFC81 /* ListNode.swift in Sources */ = {isa = PBXBuildFile; fileRef = 495D404A2BFC95E400ECFC81 /* ListNode.swift */; };
		497399162C0DBA1A003031AA /* CountingBits.swift in Sources */ = {isa = PBXBuildFile; fileRef = 497399152C0DBA1A003031AA /* CountingBits.swift */; };
		497399172C0DBA1A003031AA /* CountingBits.swift in Sources */ = {isa = PBXBuildFile; fileRef = 497399152C0DBA1A003031AA /* CountingBits.swift */; };
		4973991A2C0E0DFC003031AA /* SingleNumber.swift in Sources */ = {isa = PBXBuildFile; fileRef = 497399192C0E0DFC003031AA /* SingleNumber.swift */; };
		4973991B2C0E0DFC003031AA /* SingleNumber.swift in Sources */ = {isa = PBXBuildFile; fileRef = 497399192C0E0DFC003031AA /* SingleNumber.swift */; };
		4973991D2C0E1873003031AA /* LeetCode100.swift in Sources */ = {isa = PBXBuildFile; fileRef = 494A7B6328B91557008CDBFE /* LeetCode100.swift */; };
		498B5C4B2C1061DE00B2DC79 /* IncreasingTripletSubsequence.swift in Sources */ = {isa = PBXBuildFile; fileRef = 498B5C4A2C1061DE00B2DC79 /* IncreasingTripletSubsequence.swift */; };
		498B5C4C2C1061DE00B2DC79 /* IncreasingTripletSubsequence.swift in Sources */ = {isa = PBXBuildFile; fileRef = 498B5C4A2C1061DE00B2DC79 /* IncreasingTripletSubsequence.swift */; };
		498B5C4F2C1062F700B2DC79 /* StringCompression.swift in Sources */ = {isa = PBXBuildFile; fileRef = 498B5C4E2C1062F700B2DC79 /* StringCompression.swift */; };
		498B5C502C1062F700B2DC79 /* StringCompression.swift in Sources */ = {isa = PBXBuildFile; fileRef = 498B5C4E2C1062F700B2DC79 /* StringCompression.swift */; };
		498B5C532C107BC600B2DC79 /* FindCommonCharacters.swift in Sources */ = {isa = PBXBuildFile; fileRef = 498B5C522C107BC600B2DC79 /* FindCommonCharacters.swift */; };
		498B5C542C107BC600B2DC79 /* FindCommonCharacters.swift in Sources */ = {isa = PBXBuildFile; fileRef = 498B5C522C107BC600B2DC79 /* FindCommonCharacters.swift */; };
		4992C5242C14AB8900E16FCF /* MaximumNumberOfVowelsInSubstringOfGivenLength.swift in Sources */ = {isa = PBXBuildFile; fileRef = 4992C5232C14AB8900E16FCF /* MaximumNumberOfVowelsInSubstringOfGivenLength.swift */; };
		4992C5252C14AB8900E16FCF /* MaximumNumberOfVowelsInSubstringOfGivenLength.swift in Sources */ = {isa = PBXBuildFile; fileRef = 4992C5232C14AB8900E16FCF /* MaximumNumberOfVowelsInSubstringOfGivenLength.swift */; };
		4992C5292C16FDAC00E16FCF /* MaxConsecutiveOnesIII.swift in Sources */ = {isa = PBXBuildFile; fileRef = 4992C5282C16FDAC00E16FCF /* MaxConsecutiveOnesIII.swift */; };
		4992C52A2C16FDAC00E16FCF /* MaxConsecutiveOnesIII.swift in Sources */ = {isa = PBXBuildFile; fileRef = 4992C5282C16FDAC00E16FCF /* MaxConsecutiveOnesIII.swift */; };
		4992C52D2C16FF2300E16FCF /* LongestSubarrayOf1sAfterDeletingOneElement.swift in Sources */ = {isa = PBXBuildFile; fileRef = 4992C52C2C16FF2300E16FCF /* LongestSubarrayOf1sAfterDeletingOneElement.swift */; };
		4992C52E2C16FF2300E16FCF /* LongestSubarrayOf1sAfterDeletingOneElement.swift in Sources */ = {isa = PBXBuildFile; fileRef = 4992C52C2C16FF2300E16FCF /* LongestSubarrayOf1sAfterDeletingOneElement.swift */; };
		499763162BFF8181009D6EF5 /* BenchTimer.swift in Sources */ = {isa = PBXBuildFile; fileRef = 495D40482BFC94DC00ECFC81 /* BenchTimer.swift */; };
		499763172BFF8181009D6EF5 /* TreeNode.swift in Sources */ = {isa = PBXBuildFile; fileRef = 495D404C2BFC960B00ECFC81 /* TreeNode.swift */; };
		499763182BFF8181009D6EF5 /* Node.swift in Sources */ = {isa = PBXBuildFile; fileRef = 495D404E2BFC965F00ECFC81 /* Node.swift */; };
		499763192BFF8181009D6EF5 /* ListNode.swift in Sources */ = {isa = PBXBuildFile; fileRef = 495D404A2BFC95E400ECFC81 /* ListNode.swift */; };
		4997631A2BFF8181009D6EF5 /* BenchTimer.swift in Sources */ = {isa = PBXBuildFile; fileRef = 495D40482BFC94DC00ECFC81 /* BenchTimer.swift */; };
		4997631B2BFF8181009D6EF5 /* TreeNode.swift in Sources */ = {isa = PBXBuildFile; fileRef = 495D404C2BFC960B00ECFC81 /* TreeNode.swift */; };
		4997631C2BFF8181009D6EF5 /* Node.swift in Sources */ = {isa = PBXBuildFile; fileRef = 495D404E2BFC965F00ECFC81 /* Node.swift */; };
		4997631D2BFF8181009D6EF5 /* ListNode.swift in Sources */ = {isa = PBXBuildFile; fileRef = 495D404A2BFC95E400ECFC81 /* ListNode.swift */; };
		499763322BFF85D7009D6EF5 /* main.swift in Sources */ = {isa = PBXBuildFile; fileRef = 499762EB2BFF8031009D6EF5 /* main.swift */; };
		499763332BFF85D8009D6EF5 /* main.swift in Sources */ = {isa = PBXBuildFile; fileRef = 499762EB2BFF8031009D6EF5 /* main.swift */; };
		499763372BFF88A7009D6EF5 /* LeetCode75.swift in Sources */ = {isa = PBXBuildFile; fileRef = 499763112BFF811C009D6EF5 /* LeetCode75.swift */; };
		49B331292C09AE6600BC47D8 /* NthTribonacciNumber.swift in Sources */ = {isa = PBXBuildFile; fileRef = 49B331282C09AE6600BC47D8 /* NthTribonacciNumber.swift */; };
		49B3312A2C09AE6600BC47D8 /* NthTribonacciNumber.swift in Sources */ = {isa = PBXBuildFile; fileRef = 49B331282C09AE6600BC47D8 /* NthTribonacciNumber.swift */; };
		49B703612C0EFAAF0005B3D4 /* ReverseWordsInString.swift in Sources */ = {isa = PBXBuildFile; fileRef = 49B703602C0EFAAF0005B3D4 /* ReverseWordsInString.swift */; };
		49B703622C0EFAAF0005B3D4 /* ReverseWordsInString.swift in Sources */ = {isa = PBXBuildFile; fileRef = 49B703602C0EFAAF0005B3D4 /* ReverseWordsInString.swift */; };
		49B703662C0F10830005B3D4 /* ProductOfArrayExceptSelf.swift in Sources */ = {isa = PBXBuildFile; fileRef = 49B703652C0F10830005B3D4 /* ProductOfArrayExceptSelf.swift */; };
		49B703672C0F10830005B3D4 /* ProductOfArrayExceptSelf.swift in Sources */ = {isa = PBXBuildFile; fileRef = 49B703652C0F10830005B3D4 /* ProductOfArrayExceptSelf.swift */; };
		49DA51162C08B1D30062A064 /* GuessNumberHigherOrLower.swift in Sources */ = {isa = PBXBuildFile; fileRef = 49DA51152C08B1D30062A064 /* GuessNumberHigherOrLower.swift */; };
		49DA51172C08B1D30062A064 /* GuessNumberHigherOrLower.swift in Sources */ = {isa = PBXBuildFile; fileRef = 49DA51152C08B1D30062A064 /* GuessNumberHigherOrLower.swift */; };
		49E2024E2C03ABB4005D75E9 /* LeetCode75.xctestplan in Resources */ = {isa = PBXBuildFile; fileRef = 49E2024D2C03ABB4005D75E9 /* LeetCode75.xctestplan */; };
		49E202562C04E623005D75E9 /* NAryTreePreorderTraversal.swift in Sources */ = {isa = PBXBuildFile; fileRef = 49E202522C04E623005D75E9 /* NAryTreePreorderTraversal.swift */; };
		49E202572C04E623005D75E9 /* NAryTreePreorderTraversal.swift in Sources */ = {isa = PBXBuildFile; fileRef = 49E202522C04E623005D75E9 /* NAryTreePreorderTraversal.swift */; };
		49E202582C04E623005D75E9 /* LongestPalindrome.swift in Sources */ = {isa = PBXBuildFile; fileRef = 49E202542C04E623005D75E9 /* LongestPalindrome.swift */; };
		49E202592C04E623005D75E9 /* LongestPalindrome.swift in Sources */ = {isa = PBXBuildFile; fileRef = 49E202542C04E623005D75E9 /* LongestPalindrome.swift */; };
		49EC4CBC2C06082900D68CF9 /* BinarySearch.swift in Sources */ = {isa = PBXBuildFile; fileRef = 49EC4CB82C06082900D68CF9 /* BinarySearch.swift */; };
		49EC4CBD2C06082900D68CF9 /* BinarySearch.swift in Sources */ = {isa = PBXBuildFile; fileRef = 49EC4CB82C06082900D68CF9 /* BinarySearch.swift */; };
		49EC4CBE2C06082900D68CF9 /* MiddleOfTheLinkedList.swift in Sources */ = {isa = PBXBuildFile; fileRef = 49EC4CBA2C06082900D68CF9 /* MiddleOfTheLinkedList.swift */; };
		49EC4CBF2C06082900D68CF9 /* MiddleOfTheLinkedList.swift in Sources */ = {isa = PBXBuildFile; fileRef = 49EC4CBA2C06082900D68CF9 /* MiddleOfTheLinkedList.swift */; };
		49EC4CC42C06096900D68CF9 /* LargestTimeForGivenDigits.swift in Sources */ = {isa = PBXBuildFile; fileRef = 49EC4CC02C06096800D68CF9 /* LargestTimeForGivenDigits.swift */; };
		49EC4CC52C06096900D68CF9 /* LargestTimeForGivenDigits.swift in Sources */ = {isa = PBXBuildFile; fileRef = 49EC4CC02C06096800D68CF9 /* LargestTimeForGivenDigits.swift */; };
		49EC4CC62C06096900D68CF9 /* RunningSumOf1dArray.swift in Sources */ = {isa = PBXBuildFile; fileRef = 49EC4CC22C06096800D68CF9 /* RunningSumOf1dArray.swift */; };
		49EC4CC72C06096900D68CF9 /* RunningSumOf1dArray.swift in Sources */ = {isa = PBXBuildFile; fileRef = 49EC4CC22C06096800D68CF9 /* RunningSumOf1dArray.swift */; };
		49EC4CCC2C060CAA00D68CF9 /* ReverseLinkedList.swift in Sources */ = {isa = PBXBuildFile; fileRef = 49EC4CC82C060CAA00D68CF9 /* ReverseLinkedList.swift */; };
		49EC4CCD2C060CAA00D68CF9 /* ReverseLinkedList.swift in Sources */ = {isa = PBXBuildFile; fileRef = 49EC4CC82C060CAA00D68CF9 /* ReverseLinkedList.swift */; };
		49EC4CCE2C060CAA00D68CF9 /* MoveZeroes.swift in Sources */ = {isa = PBXBuildFile; fileRef = 49EC4CCA2C060CAA00D68CF9 /* MoveZeroes.swift */; };
		49EC4CCF2C060CAA00D68CF9 /* MoveZeroes.swift in Sources */ = {isa = PBXBuildFile; fileRef = 49EC4CCA2C060CAA00D68CF9 /* MoveZeroes.swift */; };
		49EC4CD62C060E0D00D68CF9 /* IsSubsequence.swift in Sources */ = {isa = PBXBuildFile; fileRef = 49EC4CD02C060E0D00D68CF9 /* IsSubsequence.swift */; };
		49EC4CD72C060E0D00D68CF9 /* IsSubsequence.swift in Sources */ = {isa = PBXBuildFile; fileRef = 49EC4CD02C060E0D00D68CF9 /* IsSubsequence.swift */; };
		49EC4CD82C060E0D00D68CF9 /* CanPlaceFlowers.swift in Sources */ = {isa = PBXBuildFile; fileRef = 49EC4CD22C060E0D00D68CF9 /* CanPlaceFlowers.swift */; };
		49EC4CD92C060E0D00D68CF9 /* CanPlaceFlowers.swift in Sources */ = {isa = PBXBuildFile; fileRef = 49EC4CD22C060E0D00D68CF9 /* CanPlaceFlowers.swift */; };
		49EC4CDA2C060E0D00D68CF9 /* ReverseVowelsOfString.swift in Sources */ = {isa = PBXBuildFile; fileRef = 49EC4CD42C060E0D00D68CF9 /* ReverseVowelsOfString.swift */; };
		49EC4CDB2C060E0D00D68CF9 /* ReverseVowelsOfString.swift in Sources */ = {isa = PBXBuildFile; fileRef = 49EC4CD42C060E0D00D68CF9 /* ReverseVowelsOfString.swift */; };
		49EC4CE02C060F1F00D68CF9 /* FindPivotIndex.swift in Sources */ = {isa = PBXBuildFile; fileRef = 49EC4CDC2C060F1F00D68CF9 /* FindPivotIndex.swift */; };
		49EC4CE12C060F1F00D68CF9 /* FindPivotIndex.swift in Sources */ = {isa = PBXBuildFile; fileRef = 49EC4CDC2C060F1F00D68CF9 /* FindPivotIndex.swift */; };
		49EC4CE22C060F1F00D68CF9 /* MaximumAverageSubarrayI.swift in Sources */ = {isa = PBXBuildFile; fileRef = 49EC4CDE2C060F1F00D68CF9 /* MaximumAverageSubarrayI.swift */; };
		49EC4CE32C060F1F00D68CF9 /* MaximumAverageSubarrayI.swift in Sources */ = {isa = PBXBuildFile; fileRef = 49EC4CDE2C060F1F00D68CF9 /* MaximumAverageSubarrayI.swift */; };
		49EC4CEA2C06102E00D68CF9 /* UniqueNumberOfOccurrences.swift in Sources */ = {isa = PBXBuildFile; fileRef = 49EC4CE42C06102E00D68CF9 /* UniqueNumberOfOccurrences.swift */; };
		49EC4CEB2C06102E00D68CF9 /* UniqueNumberOfOccurrences.swift in Sources */ = {isa = PBXBuildFile; fileRef = 49EC4CE42C06102E00D68CF9 /* UniqueNumberOfOccurrences.swift */; };
		49EC4CEC2C06102E00D68CF9 /* KidsWithTheGreatestNumberOfCandies.swift in Sources */ = {isa = PBXBuildFile; fileRef = 49EC4CE62C06102E00D68CF9 /* KidsWithTheGreatestNumberOfCandies.swift */; };
		49EC4CED2C06102E00D68CF9 /* KidsWithTheGreatestNumberOfCandies.swift in Sources */ = {isa = PBXBuildFile; fileRef = 49EC4CE62C06102E00D68CF9 /* KidsWithTheGreatestNumberOfCandies.swift */; };
		49EC4CEE2C06102E00D68CF9 /* GreatestCommonDivisorOfStrings.swift in Sources */ = {isa = PBXBuildFile; fileRef = 49EC4CE82C06102E00D68CF9 /* GreatestCommonDivisorOfStrings.swift */; };
		49EC4CEF2C06102E00D68CF9 /* GreatestCommonDivisorOfStrings.swift in Sources */ = {isa = PBXBuildFile; fileRef = 49EC4CE82C06102E00D68CF9 /* GreatestCommonDivisorOfStrings.swift */; };
		49EC4CF62C06115C00D68CF9 /* MergeStringsAlternately.swift in Sources */ = {isa = PBXBuildFile; fileRef = 49EC4CF02C06115C00D68CF9 /* MergeStringsAlternately.swift */; };
		49EC4CF72C06115C00D68CF9 /* MergeStringsAlternately.swift in Sources */ = {isa = PBXBuildFile; fileRef = 49EC4CF02C06115C00D68CF9 /* MergeStringsAlternately.swift */; };
		49EC4CF82C06115C00D68CF9 /* FindTheHighestAltitude.swift in Sources */ = {isa = PBXBuildFile; fileRef = 49EC4CF22C06115C00D68CF9 /* FindTheHighestAltitude.swift */; };
		49EC4CF92C06115C00D68CF9 /* FindTheHighestAltitude.swift in Sources */ = {isa = PBXBuildFile; fileRef = 49EC4CF22C06115C00D68CF9 /* FindTheHighestAltitude.swift */; };
		49EC4CFA2C06115C00D68CF9 /* FindTheDifferenceOfTwoArrays.swift in Sources */ = {isa = PBXBuildFile; fileRef = 49EC4CF42C06115C00D68CF9 /* FindTheDifferenceOfTwoArrays.swift */; };
		49EC4CFB2C06115C00D68CF9 /* FindTheDifferenceOfTwoArrays.swift in Sources */ = {isa = PBXBuildFile; fileRef = 49EC4CF42C06115C00D68CF9 /* FindTheDifferenceOfTwoArrays.swift */; };
/* End PBXBuildFile section */

/* Begin PBXCopyFilesBuildPhase section */
		494A7B5028B91461008CDBFE /* CopyFiles */ = {
			isa = PBXCopyFilesBuildPhase;
			buildActionMask = 2147483647;
			dstPath = /usr/share/man/man1/;
			dstSubfolderSpec = 0;
			files = (
			);
			runOnlyForDeploymentPostprocessing = 1;
		};
		499762E72BFF8031009D6EF5 /* CopyFiles */ = {
			isa = PBXCopyFilesBuildPhase;
			buildActionMask = 2147483647;
			dstPath = /usr/share/man/man1/;
			dstSubfolderSpec = 0;
			files = (
			);
			runOnlyForDeploymentPostprocessing = 1;
		};
/* End PBXCopyFilesBuildPhase section */

/* Begin PBXFileReference section */
		4901192F2C087DD0009ADEC2 /* SearchInBinarySearchTree.swift */ = {isa = PBXFileReference; lastKnownFileType = sourcecode.swift; path = SearchInBinarySearchTree.swift; sourceTree = "<group>"; };
		490BB3632C0F441B0026F70C /* MaximizeDistanceToClosestPerson.swift */ = {isa = PBXFileReference; lastKnownFileType = sourcecode.swift; path = MaximizeDistanceToClosestPerson.swift; sourceTree = "<group>"; };
		490BD57D2C071DB7003AE043 /* NumberOfRecentCalls.swift */ = {isa = PBXFileReference; lastKnownFileType = sourcecode.swift; path = NumberOfRecentCalls.swift; sourceTree = "<group>"; };
		490BD5812C0721AC003AE043 /* MaximumDepthOfBinaryTree.swift */ = {isa = PBXFileReference; lastKnownFileType = sourcecode.swift; path = MaximumDepthOfBinaryTree.swift; sourceTree = "<group>"; };
		490BD5852C072CD1003AE043 /* LeafSimilarTrees.swift */ = {isa = PBXFileReference; lastKnownFileType = sourcecode.swift; path = LeafSimilarTrees.swift; sourceTree = "<group>"; };
		4912C7AC2C09CBBA00DEB016 /* MinCostClimbingStairs.swift */ = {isa = PBXFileReference; lastKnownFileType = sourcecode.swift; path = MinCostClimbingStairs.swift; sourceTree = "<group>"; };
		49450F732C117FE90036A167 /* ContainerWithMostWater.swift */ = {isa = PBXFileReference; lastKnownFileType = sourcecode.swift; path = ContainerWithMostWater.swift; sourceTree = "<group>"; };
		49450F772C1182A70036A167 /* MaxNumberOfKSumPairs.swift */ = {isa = PBXFileReference; lastKnownFileType = sourcecode.swift; path = MaxNumberOfKSumPairs.swift; sourceTree = "<group>"; };
		49450F7F2C11AE370036A167 /* LongTestCases.swift */ = {isa = PBXFileReference; lastKnownFileType = sourcecode.swift; path = LongTestCases.swift; sourceTree = "<group>"; };
		494A7B5228B91461008CDBFE /* LeetCode100 */ = {isa = PBXFileReference; explicitFileType = "compiled.mach-o.executable"; includeInIndex = 0; path = LeetCode100; sourceTree = BUILT_PRODUCTS_DIR; };
		494A7B5528B91461008CDBFE /* main.swift */ = {isa = PBXFileReference; lastKnownFileType = sourcecode.swift; path = main.swift; sourceTree = "<group>"; };
		494A7B6128B91557008CDBFE /* LeetCode100_UnitTests.xctest */ = {isa = PBXFileReference; explicitFileType = wrapper.cfbundle; includeInIndex = 0; path = LeetCode100_UnitTests.xctest; sourceTree = BUILT_PRODUCTS_DIR; };
		494A7B6328B91557008CDBFE /* LeetCode100.swift */ = {isa = PBXFileReference; lastKnownFileType = sourcecode.swift; path = LeetCode100.swift; sourceTree = "<group>"; };
		495511982C12FC86004BCD04 /* TrieNode.swift */ = {isa = PBXFileReference; lastKnownFileType = sourcecode.swift; path = TrieNode.swift; sourceTree = "<group>"; };
		4955119E2C12FCBB004BCD04 /* ReplaceWords.swift */ = {isa = PBXFileReference; lastKnownFileType = sourcecode.swift; path = ReplaceWords.swift; sourceTree = "<group>"; };
		495D40482BFC94DC00ECFC81 /* BenchTimer.swift */ = {isa = PBXFileReference; lastKnownFileType = sourcecode.swift; path = BenchTimer.swift; sourceTree = "<group>"; };
		495D404A2BFC95E400ECFC81 /* ListNode.swift */ = {isa = PBXFileReference; lastKnownFileType = sourcecode.swift; path = ListNode.swift; sourceTree = "<group>"; };
		495D404C2BFC960B00ECFC81 /* TreeNode.swift */ = {isa = PBXFileReference; lastKnownFileType = sourcecode.swift; path = TreeNode.swift; sourceTree = "<group>"; };
		495D404E2BFC965F00ECFC81 /* Node.swift */ = {isa = PBXFileReference; lastKnownFileType = sourcecode.swift; path = Node.swift; sourceTree = "<group>"; };
		495D40522BFC969F00ECFC81 /* FirstBadVersion.swift */ = {isa = PBXFileReference; lastKnownFileType = sourcecode.swift; path = FirstBadVersion.swift; sourceTree = "<group>"; };
		495D405B2BFC97AF00ECFC81 /* BinaryTreeLevelOrderTraversal.swift */ = {isa = PBXFileReference; lastKnownFileType = sourcecode.swift; path = BinaryTreeLevelOrderTraversal.swift; sourceTree = "<group>"; };
		495D40642BFC992500ECFC81 /* BestTimeToBuyAndSellStock.swift */ = {isa = PBXFileReference; lastKnownFileType = sourcecode.swift; path = BestTimeToBuyAndSellStock.swift; sourceTree = "<group>"; };
		495D40672BFC995D00ECFC81 /* LinkedListCycleII.swift */ = {isa = PBXFileReference; lastKnownFileType = sourcecode.swift; path = LinkedListCycleII.swift; sourceTree = "<group>"; };
		495D40702BFC9A2600ECFC81 /* MergeTwoSortedLists.swift */ = {isa = PBXFileReference; lastKnownFileType = sourcecode.swift; path = MergeTwoSortedLists.swift; sourceTree = "<group>"; };
		495D40762BFC9ADE00ECFC81 /* IsomorphicStrings.swift */ = {isa = PBXFileReference; lastKnownFileType = sourcecode.swift; path = IsomorphicStrings.swift; sourceTree = "<group>"; };
		497399152C0DBA1A003031AA /* CountingBits.swift */ = {isa = PBXFileReference; lastKnownFileType = sourcecode.swift; path = CountingBits.swift; sourceTree = "<group>"; };
		497399192C0E0DFC003031AA /* SingleNumber.swift */ = {isa = PBXFileReference; lastKnownFileType = sourcecode.swift; path = SingleNumber.swift; sourceTree = "<group>"; };
		498B5C4A2C1061DE00B2DC79 /* IncreasingTripletSubsequence.swift */ = {isa = PBXFileReference; lastKnownFileType = sourcecode.swift; path = IncreasingTripletSubsequence.swift; sourceTree = "<group>"; };
		498B5C4E2C1062F700B2DC79 /* StringCompression.swift */ = {isa = PBXFileReference; lastKnownFileType = sourcecode.swift; path = StringCompression.swift; sourceTree = "<group>"; };
		498B5C522C107BC600B2DC79 /* FindCommonCharacters.swift */ = {isa = PBXFileReference; lastKnownFileType = sourcecode.swift; path = FindCommonCharacters.swift; sourceTree = "<group>"; };
		4992C5232C14AB8900E16FCF /* MaximumNumberOfVowelsInSubstringOfGivenLength.swift */ = {isa = PBXFileReference; lastKnownFileType = sourcecode.swift; path = MaximumNumberOfVowelsInSubstringOfGivenLength.swift; sourceTree = "<group>"; };
		4992C5282C16FDAC00E16FCF /* MaxConsecutiveOnesIII.swift */ = {isa = PBXFileReference; lastKnownFileType = sourcecode.swift; path = MaxConsecutiveOnesIII.swift; sourceTree = "<group>"; };
		4992C52C2C16FF2300E16FCF /* LongestSubarrayOf1sAfterDeletingOneElement.swift */ = {isa = PBXFileReference; lastKnownFileType = sourcecode.swift; path = LongestSubarrayOf1sAfterDeletingOneElement.swift; sourceTree = "<group>"; };
		499762E92BFF8031009D6EF5 /* LeetCode75 */ = {isa = PBXFileReference; explicitFileType = "compiled.mach-o.executable"; includeInIndex = 0; path = LeetCode75; sourceTree = BUILT_PRODUCTS_DIR; };
		499762EB2BFF8031009D6EF5 /* main.swift */ = {isa = PBXFileReference; lastKnownFileType = sourcecode.swift; path = main.swift; sourceTree = "<group>"; };
		499762F42BFF809E009D6EF5 /* LeetCode75_UnitTests.xctest */ = {isa = PBXFileReference; explicitFileType = wrapper.cfbundle; includeInIndex = 0; path = LeetCode75_UnitTests.xctest; sourceTree = BUILT_PRODUCTS_DIR; };
		499763112BFF811C009D6EF5 /* LeetCode75.swift */ = {isa = PBXFileReference; lastKnownFileType = sourcecode.swift; path = LeetCode75.swift; sourceTree = "<group>"; };
		49B331282C09AE6600BC47D8 /* NthTribonacciNumber.swift */ = {isa = PBXFileReference; lastKnownFileType = sourcecode.swift; path = NthTribonacciNumber.swift; sourceTree = "<group>"; };
		49B703602C0EFAAF0005B3D4 /* ReverseWordsInString.swift */ = {isa = PBXFileReference; lastKnownFileType = sourcecode.swift; path = ReverseWordsInString.swift; sourceTree = "<group>"; };
		49B703652C0F10830005B3D4 /* ProductOfArrayExceptSelf.swift */ = {isa = PBXFileReference; lastKnownFileType = sourcecode.swift; path = ProductOfArrayExceptSelf.swift; sourceTree = "<group>"; };
		49C7A34E2C03A823000CE31E /* LeetCode100.xctestplan */ = {isa = PBXFileReference; lastKnownFileType = text; path = LeetCode100.xctestplan; sourceTree = "<group>"; };
		49DA51152C08B1D30062A064 /* GuessNumberHigherOrLower.swift */ = {isa = PBXFileReference; lastKnownFileType = sourcecode.swift; path = GuessNumberHigherOrLower.swift; sourceTree = "<group>"; };
		49E2024D2C03ABB4005D75E9 /* LeetCode75.xctestplan */ = {isa = PBXFileReference; fileEncoding = 4; lastKnownFileType = text; path = LeetCode75.xctestplan; sourceTree = "<group>"; };
		49E202522C04E623005D75E9 /* NAryTreePreorderTraversal.swift */ = {isa = PBXFileReference; fileEncoding = 4; lastKnownFileType = sourcecode.swift; path = NAryTreePreorderTraversal.swift; sourceTree = "<group>"; };
		49E202542C04E623005D75E9 /* LongestPalindrome.swift */ = {isa = PBXFileReference; fileEncoding = 4; lastKnownFileType = sourcecode.swift; path = LongestPalindrome.swift; sourceTree = "<group>"; };
		49EC4CB82C06082900D68CF9 /* BinarySearch.swift */ = {isa = PBXFileReference; fileEncoding = 4; lastKnownFileType = sourcecode.swift; path = BinarySearch.swift; sourceTree = "<group>"; };
		49EC4CBA2C06082900D68CF9 /* MiddleOfTheLinkedList.swift */ = {isa = PBXFileReference; fileEncoding = 4; lastKnownFileType = sourcecode.swift; path = MiddleOfTheLinkedList.swift; sourceTree = "<group>"; };
		49EC4CC02C06096800D68CF9 /* LargestTimeForGivenDigits.swift */ = {isa = PBXFileReference; fileEncoding = 4; lastKnownFileType = sourcecode.swift; path = LargestTimeForGivenDigits.swift; sourceTree = "<group>"; };
		49EC4CC22C06096800D68CF9 /* RunningSumOf1dArray.swift */ = {isa = PBXFileReference; fileEncoding = 4; lastKnownFileType = sourcecode.swift; path = RunningSumOf1dArray.swift; sourceTree = "<group>"; };
		49EC4CC82C060CAA00D68CF9 /* ReverseLinkedList.swift */ = {isa = PBXFileReference; fileEncoding = 4; lastKnownFileType = sourcecode.swift; path = ReverseLinkedList.swift; sourceTree = "<group>"; };
		49EC4CCA2C060CAA00D68CF9 /* MoveZeroes.swift */ = {isa = PBXFileReference; fileEncoding = 4; lastKnownFileType = sourcecode.swift; path = MoveZeroes.swift; sourceTree = "<group>"; };
		49EC4CD02C060E0D00D68CF9 /* IsSubsequence.swift */ = {isa = PBXFileReference; fileEncoding = 4; lastKnownFileType = sourcecode.swift; path = IsSubsequence.swift; sourceTree = "<group>"; };
		49EC4CD22C060E0D00D68CF9 /* CanPlaceFlowers.swift */ = {isa = PBXFileReference; fileEncoding = 4; lastKnownFileType = sourcecode.swift; path = CanPlaceFlowers.swift; sourceTree = "<group>"; };
		49EC4CD42C060E0D00D68CF9 /* ReverseVowelsOfString.swift */ = {isa = PBXFileReference; fileEncoding = 4; lastKnownFileType = sourcecode.swift; path = ReverseVowelsOfString.swift; sourceTree = "<group>"; };
		49EC4CDC2C060F1F00D68CF9 /* FindPivotIndex.swift */ = {isa = PBXFileReference; fileEncoding = 4; lastKnownFileType = sourcecode.swift; path = FindPivotIndex.swift; sourceTree = "<group>"; };
		49EC4CDE2C060F1F00D68CF9 /* MaximumAverageSubarrayI.swift */ = {isa = PBXFileReference; fileEncoding = 4; lastKnownFileType = sourcecode.swift; path = MaximumAverageSubarrayI.swift; sourceTree = "<group>"; };
		49EC4CE42C06102E00D68CF9 /* UniqueNumberOfOccurrences.swift */ = {isa = PBXFileReference; fileEncoding = 4; lastKnownFileType = sourcecode.swift; path = UniqueNumberOfOccurrences.swift; sourceTree = "<group>"; };
		49EC4CE62C06102E00D68CF9 /* KidsWithTheGreatestNumberOfCandies.swift */ = {isa = PBXFileReference; fileEncoding = 4; lastKnownFileType = sourcecode.swift; path = KidsWithTheGreatestNumberOfCandies.swift; sourceTree = "<group>"; };
		49EC4CE82C06102E00D68CF9 /* GreatestCommonDivisorOfStrings.swift */ = {isa = PBXFileReference; fileEncoding = 4; lastKnownFileType = sourcecode.swift; path = GreatestCommonDivisorOfStrings.swift; sourceTree = "<group>"; };
		49EC4CF02C06115C00D68CF9 /* MergeStringsAlternately.swift */ = {isa = PBXFileReference; fileEncoding = 4; lastKnownFileType = sourcecode.swift; path = MergeStringsAlternately.swift; sourceTree = "<group>"; };
		49EC4CF22C06115C00D68CF9 /* FindTheHighestAltitude.swift */ = {isa = PBXFileReference; fileEncoding = 4; lastKnownFileType = sourcecode.swift; path = FindTheHighestAltitude.swift; sourceTree = "<group>"; };
		49EC4CF42C06115C00D68CF9 /* FindTheDifferenceOfTwoArrays.swift */ = {isa = PBXFileReference; fileEncoding = 4; lastKnownFileType = sourcecode.swift; path = FindTheDifferenceOfTwoArrays.swift; sourceTree = "<group>"; };
/* End PBXFileReference section */

/* Begin PBXFrameworksBuildPhase section */
		494A7B4F28B91461008CDBFE /* Frameworks */ = {
			isa = PBXFrameworksBuildPhase;
			buildActionMask = 2147483647;
			files = (
			);
			runOnlyForDeploymentPostprocessing = 0;
		};
		494A7B5E28B91557008CDBFE /* Frameworks */ = {
			isa = PBXFrameworksBuildPhase;
			buildActionMask = 2147483647;
			files = (
			);
			runOnlyForDeploymentPostprocessing = 0;
		};
		499762E62BFF8031009D6EF5 /* Frameworks */ = {
			isa = PBXFrameworksBuildPhase;
			buildActionMask = 2147483647;
			files = (
			);
			runOnlyForDeploymentPostprocessing = 0;
		};
		499762F12BFF809E009D6EF5 /* Frameworks */ = {
			isa = PBXFrameworksBuildPhase;
			buildActionMask = 2147483647;
			files = (
			);
			runOnlyForDeploymentPostprocessing = 0;
		};
/* End PBXFrameworksBuildPhase section */

/* Begin PBXGroup section */
		4901192E2C087DBD009ADEC2 /* 700. Search in a Binary Search Tree */ = {
			isa = PBXGroup;
			children = (
				4901192F2C087DD0009ADEC2 /* SearchInBinarySearchTree.swift */,
			);
			path = "700. Search in a Binary Search Tree";
			sourceTree = "<group>";
		};
		490BB3622C0F44060026F70C /* 849. Maximize Distance to Closest Person */ = {
			isa = PBXGroup;
			children = (
				490BB3632C0F441B0026F70C /* MaximizeDistanceToClosestPerson.swift */,
			);
			path = "849. Maximize Distance to Closest Person";
			sourceTree = "<group>";
		};
		490BB3662C0F44A50026F70C /* Easy */ = {
			isa = PBXGroup;
			children = (
				495D406F2BFC9A1B00ECFC81 /* 21. Merge Two Sorted Lists */,
				495D405A2BFC979B00ECFC81 /* 102. Binary Tree Level Order Traversal */,
				495D40632BFC991600ECFC81 /* 121. Best Time to Buy and Sell Stock */,
				495D40662BFC994E00ECFC81 /* 142. Linked List Cycle II */,
				495D40752BFC9AD700ECFC81 /* 205. Isomorphic Strings */,
				495D40512BFC967A00ECFC81 /* 278. First Bad Version */,
				49E202552C04E623005D75E9 /* 409. Longest Palindrome */,
				49E202532C04E623005D75E9 /* 589. N-ary Tree Preorder Traversal */,
				49EC4CB92C06082900D68CF9 /* 704. Binary Search */,
				49EC4CBB2C06082900D68CF9 /* 876. Middle of the Linked List */,
				49EC4CC12C06096800D68CF9 /* 949. Largest Time for Given Digits */,
				498B5C512C107BB500B2DC79 /* 1002. Find Common Characters */,
				49EC4CC32C06096800D68CF9 /* 1480. Running Sum of 1d Array */,
			);
			path = Easy;
			sourceTree = "<group>";
		};
		490BB3672C0F44AD0026F70C /* Medium */ = {
			isa = PBXGroup;
			children = (
				4955119D2C12FCA9004BCD04 /* 648. Replace Words */,
				490BB3622C0F44060026F70C /* 849. Maximize Distance to Closest Person */,
			);
			path = Medium;
			sourceTree = "<group>";
		};
		490BB3682C0F45800026F70C /* LeetCode75 */ = {
			isa = PBXGroup;
			children = (
				49E2024D2C03ABB4005D75E9 /* LeetCode75.xctestplan */,
				499763112BFF811C009D6EF5 /* LeetCode75.swift */,
			);
			path = LeetCode75;
			sourceTree = "<group>";
		};
		490BB3692C0F45880026F70C /* LeetCode100 */ = {
			isa = PBXGroup;
			children = (
				49C7A34E2C03A823000CE31E /* LeetCode100.xctestplan */,
				494A7B6328B91557008CDBFE /* LeetCode100.swift */,
			);
			path = LeetCode100;
			sourceTree = "<group>";
		};
		490BD57C2C071DA5003AE043 /* 933. Number of Recent Calls */ = {
			isa = PBXGroup;
			children = (
				490BD57D2C071DB7003AE043 /* NumberOfRecentCalls.swift */,
			);
			path = "933. Number of Recent Calls";
			sourceTree = "<group>";
		};
		490BD5802C07219B003AE043 /* 104. Maximum Depth of Binary Tree */ = {
			isa = PBXGroup;
			children = (
				490BD5812C0721AC003AE043 /* MaximumDepthOfBinaryTree.swift */,
			);
			path = "104. Maximum Depth of Binary Tree";
			sourceTree = "<group>";
		};
		490BD5842C072CBE003AE043 /* 872. Leaf-Similar Trees */ = {
			isa = PBXGroup;
			children = (
				490BD5852C072CD1003AE043 /* LeafSimilarTrees.swift */,
			);
			path = "872. Leaf-Similar Trees";
			sourceTree = "<group>";
		};
		491085842BFF893D006F73CC /* Shared */ = {
			isa = PBXGroup;
			children = (
				495D40502BFC967300ECFC81 /* Helpers */,
			);
			path = Shared;
			sourceTree = "<group>";
		};
		4912C7AB2C09CBAC00DEB016 /* 746. Min Cost Climbing Stairs */ = {
			isa = PBXGroup;
			children = (
				4912C7AC2C09CBBA00DEB016 /* MinCostClimbingStairs.swift */,
			);
			path = "746. Min Cost Climbing Stairs";
			sourceTree = "<group>";
		};
		49450F722C117FD70036A167 /* 11. Container With Most Water */ = {
			isa = PBXGroup;
			children = (
				49450F732C117FE90036A167 /* ContainerWithMostWater.swift */,
			);
			path = "11. Container With Most Water";
			sourceTree = "<group>";
		};
		49450F762C11828B0036A167 /* 1679. Max Number of K-Sum Pairs */ = {
			isa = PBXGroup;
			children = (
				49450F772C1182A70036A167 /* MaxNumberOfKSumPairs.swift */,
			);
			path = "1679. Max Number of K-Sum Pairs";
			sourceTree = "<group>";
		};
		494A7B4928B91461008CDBFE = {
			isa = PBXGroup;
			children = (
				491085842BFF893D006F73CC /* Shared */,
				499762EA2BFF8031009D6EF5 /* LeetCode75 */,
				494A7B5428B91461008CDBFE /* LeetCode100 */,
				494A7B6228B91557008CDBFE /* UnitTests */,
				494A7B5328B91461008CDBFE /* Products */,
			);
			sourceTree = "<group>";
		};
		494A7B5328B91461008CDBFE /* Products */ = {
			isa = PBXGroup;
			children = (
				494A7B5228B91461008CDBFE /* LeetCode100 */,
				494A7B6128B91557008CDBFE /* LeetCode100_UnitTests.xctest */,
				499762E92BFF8031009D6EF5 /* LeetCode75 */,
				499762F42BFF809E009D6EF5 /* LeetCode75_UnitTests.xctest */,
			);
			name = Products;
			sourceTree = "<group>";
		};
		494A7B5428B91461008CDBFE /* LeetCode100 */ = {
			isa = PBXGroup;
			children = (
				490BB3662C0F44A50026F70C /* Easy */,
				490BB3672C0F44AD0026F70C /* Medium */,
				494A7B5528B91461008CDBFE /* main.swift */,
			);
			path = LeetCode100;
			sourceTree = "<group>";
		};
		494A7B6228B91557008CDBFE /* UnitTests */ = {
			isa = PBXGroup;
			children = (
				490BB3682C0F45800026F70C /* LeetCode75 */,
				490BB3692C0F45880026F70C /* LeetCode100 */,
			);
			path = UnitTests;
			sourceTree = "<group>";
		};
		4955119D2C12FCA9004BCD04 /* 648. Replace Words */ = {
			isa = PBXGroup;
			children = (
				4955119E2C12FCBB004BCD04 /* ReplaceWords.swift */,
			);
			path = "648. Replace Words";
			sourceTree = "<group>";
		};
		495D40502BFC967300ECFC81 /* Helpers */ = {
			isa = PBXGroup;
			children = (
				495D40482BFC94DC00ECFC81 /* BenchTimer.swift */,
				495D404E2BFC965F00ECFC81 /* Node.swift */,
				495D404A2BFC95E400ECFC81 /* ListNode.swift */,
				495D404C2BFC960B00ECFC81 /* TreeNode.swift */,
				49450F7F2C11AE370036A167 /* LongTestCases.swift */,
				495511982C12FC86004BCD04 /* TrieNode.swift */,
			);
			path = Helpers;
			sourceTree = "<group>";
		};
		495D40512BFC967A00ECFC81 /* 278. First Bad Version */ = {
			isa = PBXGroup;
			children = (
				495D40522BFC969F00ECFC81 /* FirstBadVersion.swift */,
			);
			path = "278. First Bad Version";
			sourceTree = "<group>";
		};
		495D405A2BFC979B00ECFC81 /* 102. Binary Tree Level Order Traversal */ = {
			isa = PBXGroup;
			children = (
				495D405B2BFC97AF00ECFC81 /* BinaryTreeLevelOrderTraversal.swift */,
			);
			path = "102. Binary Tree Level Order Traversal";
			sourceTree = "<group>";
		};
		495D40632BFC991600ECFC81 /* 121. Best Time to Buy and Sell Stock */ = {
			isa = PBXGroup;
			children = (
				495D40642BFC992500ECFC81 /* BestTimeToBuyAndSellStock.swift */,
			);
			path = "121. Best Time to Buy and Sell Stock";
			sourceTree = "<group>";
		};
		495D40662BFC994E00ECFC81 /* 142. Linked List Cycle II */ = {
			isa = PBXGroup;
			children = (
				495D40672BFC995D00ECFC81 /* LinkedListCycleII.swift */,
			);
			path = "142. Linked List Cycle II";
			sourceTree = "<group>";
		};
		495D406F2BFC9A1B00ECFC81 /* 21. Merge Two Sorted Lists */ = {
			isa = PBXGroup;
			children = (
				495D40702BFC9A2600ECFC81 /* MergeTwoSortedLists.swift */,
			);
			path = "21. Merge Two Sorted Lists";
			sourceTree = "<group>";
		};
		495D40752BFC9AD700ECFC81 /* 205. Isomorphic Strings */ = {
			isa = PBXGroup;
			children = (
				495D40762BFC9ADE00ECFC81 /* IsomorphicStrings.swift */,
			);
			path = "205. Isomorphic Strings";
			sourceTree = "<group>";
		};
		497399142C0DBA0B003031AA /* 338. Counting Bits */ = {
			isa = PBXGroup;
			children = (
				497399152C0DBA1A003031AA /* CountingBits.swift */,
			);
			path = "338. Counting Bits";
			sourceTree = "<group>";
		};
		497399182C0E0DF0003031AA /* 136. Single Number */ = {
			isa = PBXGroup;
			children = (
				497399192C0E0DFC003031AA /* SingleNumber.swift */,
			);
			path = "136. Single Number";
			sourceTree = "<group>";
		};
		498B5C492C1061BB00B2DC79 /* 334. Increasing Triplet Subsequence */ = {
			isa = PBXGroup;
			children = (
				498B5C4A2C1061DE00B2DC79 /* IncreasingTripletSubsequence.swift */,
			);
			path = "334. Increasing Triplet Subsequence";
			sourceTree = "<group>";
		};
		498B5C4D2C1062E800B2DC79 /* 443. String Compression */ = {
			isa = PBXGroup;
			children = (
				498B5C4E2C1062F700B2DC79 /* StringCompression.swift */,
			);
			path = "443. String Compression";
			sourceTree = "<group>";
		};
		498B5C512C107BB500B2DC79 /* 1002. Find Common Characters */ = {
			isa = PBXGroup;
			children = (
				498B5C522C107BC600B2DC79 /* FindCommonCharacters.swift */,
			);
			path = "1002. Find Common Characters";
			sourceTree = "<group>";
		};
		4992C5222C14AB7300E16FCF /* 1456. Maximum Number of Vowels in a Substring of Given Length */ = {
			isa = PBXGroup;
			children = (
				4992C5232C14AB8900E16FCF /* MaximumNumberOfVowelsInSubstringOfGivenLength.swift */,
			);
			path = "1456. Maximum Number of Vowels in a Substring of Given Length";
			sourceTree = "<group>";
		};
		4992C5262C16FD9900E16FCF /* 1004. Max Consecutive Ones III */ = {
			isa = PBXGroup;
			children = (
				4992C5282C16FDAC00E16FCF /* MaxConsecutiveOnesIII.swift */,
			);
			path = "1004. Max Consecutive Ones III";
			sourceTree = "<group>";
		};
		4992C52B2C16FF0000E16FCF /* 1493. Longest Subarray of 1's After Deleting One Element  */ = {
			isa = PBXGroup;
			children = (
				4992C52C2C16FF2300E16FCF /* LongestSubarrayOf1sAfterDeletingOneElement.swift */,
			);
			path = "1493. Longest Subarray of 1's After Deleting One Element ";
			sourceTree = "<group>";
		};
		499762EA2BFF8031009D6EF5 /* LeetCode75 */ = {
			isa = PBXGroup;
			children = (
				49B7035D2C0EFA770005B3D4 /* Easy */,
				49B7035E2C0EFA8A0005B3D4 /* Medium */,
				499762EB2BFF8031009D6EF5 /* main.swift */,
			);
			path = LeetCode75;
			sourceTree = "<group>";
		};
		49B331272C09AE5500BC47D8 /* 1137. N-th Tribonacci Number */ = {
			isa = PBXGroup;
			children = (
				49B331282C09AE6600BC47D8 /* NthTribonacciNumber.swift */,
			);
			path = "1137. N-th Tribonacci Number";
			sourceTree = "<group>";
		};
		49B7035D2C0EFA770005B3D4 /* Easy */ = {
			isa = PBXGroup;
			children = (
				490BD5802C07219B003AE043 /* 104. Maximum Depth of Binary Tree */,
				497399182C0E0DF0003031AA /* 136. Single Number */,
				49EC4CC92C060CAA00D68CF9 /* 206. Reverse Linked List */,
				49EC4CCB2C060CAA00D68CF9 /* 283. Move Zeroes */,
				497399142C0DBA0B003031AA /* 338. Counting Bits */,
				49EC4CD52C060E0D00D68CF9 /* 345. Reverse Vowels of a String */,
				49DA51142C08B1BF0062A064 /* 374. Guess Number Higher or Lower */,
				49EC4CD12C060E0D00D68CF9 /* 392. Is Subsequence */,
				49EC4CD32C060E0D00D68CF9 /* 605. Can Place Flowers */,
				49EC4CDF2C060F1F00D68CF9 /* 643. Maximum Average Subarray I */,
				4901192E2C087DBD009ADEC2 /* 700. Search in a Binary Search Tree */,
				49EC4CDD2C060F1F00D68CF9 /* 724. Find Pivot Index */,
				4912C7AB2C09CBAC00DEB016 /* 746. Min Cost Climbing Stairs */,
				490BD5842C072CBE003AE043 /* 872. Leaf-Similar Trees */,
				490BD57C2C071DA5003AE043 /* 933. Number of Recent Calls */,
				49EC4CE92C06102E00D68CF9 /* 1071. Greatest Common Divisor of Strings */,
				49B331272C09AE5500BC47D8 /* 1137. N-th Tribonacci Number */,
				49EC4CE52C06102E00D68CF9 /* 1207. Unique Number of Occurrences */,
				49EC4CE72C06102E00D68CF9 /* 1431. Kids With the Greatest Number of Candies */,
				49EC4CF32C06115C00D68CF9 /* 1732. Find the Highest Altitude */,
				49EC4CF12C06115C00D68CF9 /* 1768. Merge Strings Alternately */,
				49EC4CF52C06115C00D68CF9 /* 2215. Find the Difference of Two Arrays */,
			);
			path = Easy;
			sourceTree = "<group>";
		};
		49B7035E2C0EFA8A0005B3D4 /* Medium */ = {
			isa = PBXGroup;
			children = (
				49450F722C117FD70036A167 /* 11. Container With Most Water */,
				49B7035F2C0EFA9D0005B3D4 /* 151. Reverse Words in a String */,
				49B703632C0F106C0005B3D4 /* 238. Product of Array Except Self */,
				498B5C492C1061BB00B2DC79 /* 334. Increasing Triplet Subsequence */,
				498B5C4D2C1062E800B2DC79 /* 443. String Compression */,
				4992C5262C16FD9900E16FCF /* 1004. Max Consecutive Ones III */,
				4992C5222C14AB7300E16FCF /* 1456. Maximum Number of Vowels in a Substring of Given Length */,
				4992C52B2C16FF0000E16FCF /* 1493. Longest Subarray of 1's After Deleting One Element  */,
				49450F762C11828B0036A167 /* 1679. Max Number of K-Sum Pairs */,
			);
			path = Medium;
			sourceTree = "<group>";
		};
		49B7035F2C0EFA9D0005B3D4 /* 151. Reverse Words in a String */ = {
			isa = PBXGroup;
			children = (
				49B703602C0EFAAF0005B3D4 /* ReverseWordsInString.swift */,
			);
			path = "151. Reverse Words in a String";
			sourceTree = "<group>";
		};
		49B703632C0F106C0005B3D4 /* 238. Product of Array Except Self */ = {
			isa = PBXGroup;
			children = (
				49B703652C0F10830005B3D4 /* ProductOfArrayExceptSelf.swift */,
			);
			path = "238. Product of Array Except Self";
			sourceTree = "<group>";
		};
		49DA51142C08B1BF0062A064 /* 374. Guess Number Higher or Lower */ = {
			isa = PBXGroup;
			children = (
				49DA51152C08B1D30062A064 /* GuessNumberHigherOrLower.swift */,
			);
			path = "374. Guess Number Higher or Lower";
			sourceTree = "<group>";
		};
		49E202532C04E623005D75E9 /* 589. N-ary Tree Preorder Traversal */ = {
			isa = PBXGroup;
			children = (
				49E202522C04E623005D75E9 /* NAryTreePreorderTraversal.swift */,
			);
			path = "589. N-ary Tree Preorder Traversal";
			sourceTree = "<group>";
		};
		49E202552C04E623005D75E9 /* 409. Longest Palindrome */ = {
			isa = PBXGroup;
			children = (
				49E202542C04E623005D75E9 /* LongestPalindrome.swift */,
			);
			path = "409. Longest Palindrome";
			sourceTree = "<group>";
		};
		49EC4CB92C06082900D68CF9 /* 704. Binary Search */ = {
			isa = PBXGroup;
			children = (
				49EC4CB82C06082900D68CF9 /* BinarySearch.swift */,
			);
			path = "704. Binary Search";
			sourceTree = "<group>";
		};
		49EC4CBB2C06082900D68CF9 /* 876. Middle of the Linked List */ = {
			isa = PBXGroup;
			children = (
				49EC4CBA2C06082900D68CF9 /* MiddleOfTheLinkedList.swift */,
			);
			path = "876. Middle of the Linked List";
			sourceTree = "<group>";
		};
		49EC4CC12C06096800D68CF9 /* 949. Largest Time for Given Digits */ = {
			isa = PBXGroup;
			children = (
				49EC4CC02C06096800D68CF9 /* LargestTimeForGivenDigits.swift */,
			);
			path = "949. Largest Time for Given Digits";
			sourceTree = "<group>";
		};
		49EC4CC32C06096800D68CF9 /* 1480. Running Sum of 1d Array */ = {
			isa = PBXGroup;
			children = (
				49EC4CC22C06096800D68CF9 /* RunningSumOf1dArray.swift */,
			);
			path = "1480. Running Sum of 1d Array";
			sourceTree = "<group>";
		};
		49EC4CC92C060CAA00D68CF9 /* 206. Reverse Linked List */ = {
			isa = PBXGroup;
			children = (
				49EC4CC82C060CAA00D68CF9 /* ReverseLinkedList.swift */,
			);
			path = "206. Reverse Linked List";
			sourceTree = "<group>";
		};
		49EC4CCB2C060CAA00D68CF9 /* 283. Move Zeroes */ = {
			isa = PBXGroup;
			children = (
				49EC4CCA2C060CAA00D68CF9 /* MoveZeroes.swift */,
			);
			path = "283. Move Zeroes";
			sourceTree = "<group>";
		};
		49EC4CD12C060E0D00D68CF9 /* 392. Is Subsequence */ = {
			isa = PBXGroup;
			children = (
				49EC4CD02C060E0D00D68CF9 /* IsSubsequence.swift */,
			);
			path = "392. Is Subsequence";
			sourceTree = "<group>";
		};
		49EC4CD32C060E0D00D68CF9 /* 605. Can Place Flowers */ = {
			isa = PBXGroup;
			children = (
				49EC4CD22C060E0D00D68CF9 /* CanPlaceFlowers.swift */,
			);
			path = "605. Can Place Flowers";
			sourceTree = "<group>";
		};
		49EC4CD52C060E0D00D68CF9 /* 345. Reverse Vowels of a String */ = {
			isa = PBXGroup;
			children = (
				49EC4CD42C060E0D00D68CF9 /* ReverseVowelsOfString.swift */,
			);
			path = "345. Reverse Vowels of a String";
			sourceTree = "<group>";
		};
		49EC4CDD2C060F1F00D68CF9 /* 724. Find Pivot Index */ = {
			isa = PBXGroup;
			children = (
				49EC4CDC2C060F1F00D68CF9 /* FindPivotIndex.swift */,
			);
			path = "724. Find Pivot Index";
			sourceTree = "<group>";
		};
		49EC4CDF2C060F1F00D68CF9 /* 643. Maximum Average Subarray I */ = {
			isa = PBXGroup;
			children = (
				49EC4CDE2C060F1F00D68CF9 /* MaximumAverageSubarrayI.swift */,
			);
			path = "643. Maximum Average Subarray I";
			sourceTree = "<group>";
		};
		49EC4CE52C06102E00D68CF9 /* 1207. Unique Number of Occurrences */ = {
			isa = PBXGroup;
			children = (
				49EC4CE42C06102E00D68CF9 /* UniqueNumberOfOccurrences.swift */,
			);
			path = "1207. Unique Number of Occurrences";
			sourceTree = "<group>";
		};
		49EC4CE72C06102E00D68CF9 /* 1431. Kids With the Greatest Number of Candies */ = {
			isa = PBXGroup;
			children = (
				49EC4CE62C06102E00D68CF9 /* KidsWithTheGreatestNumberOfCandies.swift */,
			);
			path = "1431. Kids With the Greatest Number of Candies";
			sourceTree = "<group>";
		};
		49EC4CE92C06102E00D68CF9 /* 1071. Greatest Common Divisor of Strings */ = {
			isa = PBXGroup;
			children = (
				49EC4CE82C06102E00D68CF9 /* GreatestCommonDivisorOfStrings.swift */,
			);
			path = "1071. Greatest Common Divisor of Strings";
			sourceTree = "<group>";
		};
		49EC4CF12C06115C00D68CF9 /* 1768. Merge Strings Alternately */ = {
			isa = PBXGroup;
			children = (
				49EC4CF02C06115C00D68CF9 /* MergeStringsAlternately.swift */,
			);
			path = "1768. Merge Strings Alternately";
			sourceTree = "<group>";
		};
		49EC4CF32C06115C00D68CF9 /* 1732. Find the Highest Altitude */ = {
			isa = PBXGroup;
			children = (
				49EC4CF22C06115C00D68CF9 /* FindTheHighestAltitude.swift */,
			);
			path = "1732. Find the Highest Altitude";
			sourceTree = "<group>";
		};
		49EC4CF52C06115C00D68CF9 /* 2215. Find the Difference of Two Arrays */ = {
			isa = PBXGroup;
			children = (
				49EC4CF42C06115C00D68CF9 /* FindTheDifferenceOfTwoArrays.swift */,
			);
			path = "2215. Find the Difference of Two Arrays";
			sourceTree = "<group>";
		};
/* End PBXGroup section */

/* Begin PBXNativeTarget section */
		494A7B5128B91461008CDBFE /* LeetCode100 */ = {
			isa = PBXNativeTarget;
			buildConfigurationList = 494A7B5928B91461008CDBFE /* Build configuration list for PBXNativeTarget "LeetCode100" */;
			buildPhases = (
				494A7B4E28B91461008CDBFE /* Sources */,
				494A7B4F28B91461008CDBFE /* Frameworks */,
				494A7B5028B91461008CDBFE /* CopyFiles */,
			);
			buildRules = (
			);
			dependencies = (
			);
			name = LeetCode100;
			productName = LeetCode;
			productReference = 494A7B5228B91461008CDBFE /* LeetCode100 */;
			productType = "com.apple.product-type.tool";
		};
		494A7B6028B91557008CDBFE /* LeetCode100_UnitTests */ = {
			isa = PBXNativeTarget;
			buildConfigurationList = 494A7B6528B91557008CDBFE /* Build configuration list for PBXNativeTarget "LeetCode100_UnitTests" */;
			buildPhases = (
				494A7B5D28B91557008CDBFE /* Sources */,
				494A7B5E28B91557008CDBFE /* Frameworks */,
				494A7B5F28B91557008CDBFE /* Resources */,
			);
			buildRules = (
			);
			dependencies = (
			);
			name = LeetCode100_UnitTests;
			productName = Tests;
			productReference = 494A7B6128B91557008CDBFE /* LeetCode100_UnitTests.xctest */;
			productType = "com.apple.product-type.bundle.unit-test";
		};
		499762E82BFF8031009D6EF5 /* LeetCode75 */ = {
			isa = PBXNativeTarget;
			buildConfigurationList = 499762ED2BFF8031009D6EF5 /* Build configuration list for PBXNativeTarget "LeetCode75" */;
			buildPhases = (
				499762E52BFF8031009D6EF5 /* Sources */,
				499762E62BFF8031009D6EF5 /* Frameworks */,
				499762E72BFF8031009D6EF5 /* CopyFiles */,
			);
			buildRules = (
			);
			dependencies = (
			);
			name = LeetCode75;
			productName = LeetCode75;
			productReference = 499762E92BFF8031009D6EF5 /* LeetCode75 */;
			productType = "com.apple.product-type.tool";
		};
		499762F32BFF809E009D6EF5 /* LeetCode75_UnitTests */ = {
			isa = PBXNativeTarget;
			buildConfigurationList = 499762F82BFF809E009D6EF5 /* Build configuration list for PBXNativeTarget "LeetCode75_UnitTests" */;
			buildPhases = (
				499762F02BFF809E009D6EF5 /* Sources */,
				499762F12BFF809E009D6EF5 /* Frameworks */,
				499762F22BFF809E009D6EF5 /* Resources */,
			);
			buildRules = (
			);
			dependencies = (
			);
			name = LeetCode75_UnitTests;
			productName = LeetCode75_UnitTests;
			productReference = 499762F42BFF809E009D6EF5 /* LeetCode75_UnitTests.xctest */;
			productType = "com.apple.product-type.bundle.unit-test";
		};
/* End PBXNativeTarget section */

/* Begin PBXProject section */
		494A7B4A28B91461008CDBFE /* Project object */ = {
			isa = PBXProject;
			attributes = {
				BuildIndependentTargetsInParallel = 1;
				LastSwiftUpdateCheck = 1540;
				LastUpgradeCheck = 1340;
				TargetAttributes = {
					494A7B5128B91461008CDBFE = {
						CreatedOnToolsVersion = 13.4.1;
					};
					494A7B6028B91557008CDBFE = {
						CreatedOnToolsVersion = 13.4.1;
					};
					499762E82BFF8031009D6EF5 = {
						CreatedOnToolsVersion = 15.4;
					};
					499762F32BFF809E009D6EF5 = {
						CreatedOnToolsVersion = 15.4;
					};
				};
			};
			buildConfigurationList = 494A7B4D28B91461008CDBFE /* Build configuration list for PBXProject "LeetCode" */;
			compatibilityVersion = "Xcode 15.3";
			developmentRegion = en;
			hasScannedForEncodings = 0;
			knownRegions = (
				en,
				Base,
			);
			mainGroup = 494A7B4928B91461008CDBFE;
			productRefGroup = 494A7B5328B91461008CDBFE /* Products */;
			projectDirPath = "";
			projectRoot = "";
			targets = (
				494A7B5128B91461008CDBFE /* LeetCode100 */,
				494A7B6028B91557008CDBFE /* LeetCode100_UnitTests */,
				499762E82BFF8031009D6EF5 /* LeetCode75 */,
				499762F32BFF809E009D6EF5 /* LeetCode75_UnitTests */,
			);
		};
/* End PBXProject section */

/* Begin PBXResourcesBuildPhase section */
		494A7B5F28B91557008CDBFE /* Resources */ = {
			isa = PBXResourcesBuildPhase;
			buildActionMask = 2147483647;
			files = (
			);
			runOnlyForDeploymentPostprocessing = 0;
		};
		499762F22BFF809E009D6EF5 /* Resources */ = {
			isa = PBXResourcesBuildPhase;
			buildActionMask = 2147483647;
			files = (
				49E2024E2C03ABB4005D75E9 /* LeetCode75.xctestplan in Resources */,
			);
			runOnlyForDeploymentPostprocessing = 0;
		};
/* End PBXResourcesBuildPhase section */

/* Begin PBXSourcesBuildPhase section */
		494A7B4E28B91461008CDBFE /* Sources */ = {
			isa = PBXSourcesBuildPhase;
			buildActionMask = 2147483647;
			files = (
				49EC4CC62C06096900D68CF9 /* RunningSumOf1dArray.swift in Sources */,
				495D40492BFC94DC00ECFC81 /* BenchTimer.swift in Sources */,
				495D40652BFC992500ECFC81 /* BestTimeToBuyAndSellStock.swift in Sources */,
				495D40772BFC9ADE00ECFC81 /* IsomorphicStrings.swift in Sources */,
				495D404F2BFC965F00ECFC81 /* Node.swift in Sources */,
				49EC4CBC2C06082900D68CF9 /* BinarySearch.swift in Sources */,
				490BB3642C0F441B0026F70C /* MaximizeDistanceToClosestPerson.swift in Sources */,
				494A7B5628B91461008CDBFE /* main.swift in Sources */,
				495D40532BFC969F00ECFC81 /* FirstBadVersion.swift in Sources */,
				495D405C2BFC97AF00ECFC81 /* BinaryTreeLevelOrderTraversal.swift in Sources */,
				495511992C12FC87004BCD04 /* TrieNode.swift in Sources */,
				495D404B2BFC95E400ECFC81 /* ListNode.swift in Sources */,
				495D404D2BFC960B00ECFC81 /* TreeNode.swift in Sources */,
				49EC4CBE2C06082900D68CF9 /* MiddleOfTheLinkedList.swift in Sources */,
				498B5C532C107BC600B2DC79 /* FindCommonCharacters.swift in Sources */,
				495D40682BFC995D00ECFC81 /* LinkedListCycleII.swift in Sources */,
				495D40712BFC9A2600ECFC81 /* MergeTwoSortedLists.swift in Sources */,
				49E202582C04E623005D75E9 /* LongestPalindrome.swift in Sources */,
				4955119F2C12FCBB004BCD04 /* ReplaceWords.swift in Sources */,
				49450F802C11AE370036A167 /* LongTestCases.swift in Sources */,
				49E202562C04E623005D75E9 /* NAryTreePreorderTraversal.swift in Sources */,
				49EC4CC42C06096900D68CF9 /* LargestTimeForGivenDigits.swift in Sources */,
			);
			runOnlyForDeploymentPostprocessing = 0;
		};
		494A7B5D28B91557008CDBFE /* Sources */ = {
			isa = PBXSourcesBuildPhase;
			buildActionMask = 2147483647;
			files = (
				494A7B6C28B919C9008CDBFE /* main.swift in Sources */,
				4955119A2C12FC87004BCD04 /* TrieNode.swift in Sources */,
				495D40F12BFCBB8200ECFC81 /* LinkedListCycleII.swift in Sources */,
				495D40F02BFCBB7900ECFC81 /* BestTimeToBuyAndSellStock.swift in Sources */,
				495D40EE2BFCBB7000ECFC81 /* MergeTwoSortedLists.swift in Sources */,
				495D40F42BFCBB8C00ECFC81 /* FirstBadVersion.swift in Sources */,
				49E202572C04E623005D75E9 /* NAryTreePreorderTraversal.swift in Sources */,
				495D40EF2BFCBB7400ECFC81 /* BinaryTreeLevelOrderTraversal.swift in Sources */,
				495D40FD2BFCBBBE00ECFC81 /* Node.swift in Sources */,
				49E202592C04E623005D75E9 /* LongestPalindrome.swift in Sources */,
				495D40FE2BFCBBBE00ECFC81 /* BenchTimer.swift in Sources */,
				495511A02C12FCBB004BCD04 /* ReplaceWords.swift in Sources */,
				49450F812C11AE370036A167 /* LongTestCases.swift in Sources */,
				495D40FF2BFCBBBE00ECFC81 /* TreeNode.swift in Sources */,
				490BB3652C0F441B0026F70C /* MaximizeDistanceToClosestPerson.swift in Sources */,
				495D41002BFCBBBE00ECFC81 /* ListNode.swift in Sources */,
				49EC4CC72C06096900D68CF9 /* RunningSumOf1dArray.swift in Sources */,
				495D40F22BFCBB8500ECFC81 /* IsomorphicStrings.swift in Sources */,
				498B5C542C107BC600B2DC79 /* FindCommonCharacters.swift in Sources */,
				4973991D2C0E1873003031AA /* LeetCode100.swift in Sources */,
				49EC4CBF2C06082900D68CF9 /* MiddleOfTheLinkedList.swift in Sources */,
				49EC4CBD2C06082900D68CF9 /* BinarySearch.swift in Sources */,
				49EC4CC52C06096900D68CF9 /* LargestTimeForGivenDigits.swift in Sources */,
			);
			runOnlyForDeploymentPostprocessing = 0;
		};
		499762E52BFF8031009D6EF5 /* Sources */ = {
			isa = PBXSourcesBuildPhase;
			buildActionMask = 2147483647;
			files = (
				49EC4CCE2C060CAA00D68CF9 /* MoveZeroes.swift in Sources */,
				49EC4CFA2C06115C00D68CF9 /* FindTheDifferenceOfTwoArrays.swift in Sources */,
				497399162C0DBA1A003031AA /* CountingBits.swift in Sources */,
				490BD57E2C071DB7003AE043 /* NumberOfRecentCalls.swift in Sources */,
				49EC4CE02C060F1F00D68CF9 /* FindPivotIndex.swift in Sources */,
				49450F822C11AE370036A167 /* LongTestCases.swift in Sources */,
				499763162BFF8181009D6EF5 /* BenchTimer.swift in Sources */,
				490119302C087DD0009ADEC2 /* SearchInBinarySearchTree.swift in Sources */,
				490BD5862C072CD1003AE043 /* LeafSimilarTrees.swift in Sources */,
				499763172BFF8181009D6EF5 /* TreeNode.swift in Sources */,
				4912C7AD2C09CBBA00DEB016 /* MinCostClimbingStairs.swift in Sources */,
				499763182BFF8181009D6EF5 /* Node.swift in Sources */,
				49EC4CDA2C060E0D00D68CF9 /* ReverseVowelsOfString.swift in Sources */,
				49EC4CCC2C060CAA00D68CF9 /* ReverseLinkedList.swift in Sources */,
				49EC4CF62C06115C00D68CF9 /* MergeStringsAlternately.swift in Sources */,
				49B703662C0F10830005B3D4 /* ProductOfArrayExceptSelf.swift in Sources */,
				498B5C4F2C1062F700B2DC79 /* StringCompression.swift in Sources */,
				4992C52D2C16FF2300E16FCF /* LongestSubarrayOf1sAfterDeletingOneElement.swift in Sources */,
				4955119B2C12FC87004BCD04 /* TrieNode.swift in Sources */,
				49EC4CD62C060E0D00D68CF9 /* IsSubsequence.swift in Sources */,
				4973991A2C0E0DFC003031AA /* SingleNumber.swift in Sources */,
				498B5C4B2C1061DE00B2DC79 /* IncreasingTripletSubsequence.swift in Sources */,
				49B331292C09AE6600BC47D8 /* NthTribonacciNumber.swift in Sources */,
				499763192BFF8181009D6EF5 /* ListNode.swift in Sources */,
				49EC4CEE2C06102E00D68CF9 /* GreatestCommonDivisorOfStrings.swift in Sources */,
				4992C5292C16FDAC00E16FCF /* MaxConsecutiveOnesIII.swift in Sources */,
				49EC4CEC2C06102E00D68CF9 /* KidsWithTheGreatestNumberOfCandies.swift in Sources */,
				49DA51162C08B1D30062A064 /* GuessNumberHigherOrLower.swift in Sources */,
				49450F782C1182A70036A167 /* MaxNumberOfKSumPairs.swift in Sources */,
				49EC4CF82C06115C00D68CF9 /* FindTheHighestAltitude.swift in Sources */,
				499763322BFF85D7009D6EF5 /* main.swift in Sources */,
				49EC4CD82C060E0D00D68CF9 /* CanPlaceFlowers.swift in Sources */,
				49EC4CEA2C06102E00D68CF9 /* UniqueNumberOfOccurrences.swift in Sources */,
				49450F742C117FE90036A167 /* ContainerWithMostWater.swift in Sources */,
				490BD5822C0721AC003AE043 /* MaximumDepthOfBinaryTree.swift in Sources */,
				49B703612C0EFAAF0005B3D4 /* ReverseWordsInString.swift in Sources */,
				4992C5242C14AB8900E16FCF /* MaximumNumberOfVowelsInSubstringOfGivenLength.swift in Sources */,
				49EC4CE22C060F1F00D68CF9 /* MaximumAverageSubarrayI.swift in Sources */,
			);
			runOnlyForDeploymentPostprocessing = 0;
		};
		499762F02BFF809E009D6EF5 /* Sources */ = {
			isa = PBXSourcesBuildPhase;
			buildActionMask = 2147483647;
			files = (
				4997631A2BFF8181009D6EF5 /* BenchTimer.swift in Sources */,
				4997631B2BFF8181009D6EF5 /* TreeNode.swift in Sources */,
				49EC4CD72C060E0D00D68CF9 /* IsSubsequence.swift in Sources */,
				49B703672C0F10830005B3D4 /* ProductOfArrayExceptSelf.swift in Sources */,
				49B703622C0EFAAF0005B3D4 /* ReverseWordsInString.swift in Sources */,
				49EC4CCF2C060CAA00D68CF9 /* MoveZeroes.swift in Sources */,
				4997631C2BFF8181009D6EF5 /* Node.swift in Sources */,
				49EC4CD92C060E0D00D68CF9 /* CanPlaceFlowers.swift in Sources */,
				49EC4CEF2C06102E00D68CF9 /* GreatestCommonDivisorOfStrings.swift in Sources */,
				49EC4CE12C060F1F00D68CF9 /* FindPivotIndex.swift in Sources */,
				49EC4CEB2C06102E00D68CF9 /* UniqueNumberOfOccurrences.swift in Sources */,
				490BD5872C072CD1003AE043 /* LeafSimilarTrees.swift in Sources */,
				49EC4CDB2C060E0D00D68CF9 /* ReverseVowelsOfString.swift in Sources */,
				49EC4CFB2C06115C00D68CF9 /* FindTheDifferenceOfTwoArrays.swift in Sources */,
				4973991B2C0E0DFC003031AA /* SingleNumber.swift in Sources */,
				490119312C087DD0009ADEC2 /* SearchInBinarySearchTree.swift in Sources */,
				4992C52A2C16FDAC00E16FCF /* MaxConsecutiveOnesIII.swift in Sources */,
				4997631D2BFF8181009D6EF5 /* ListNode.swift in Sources */,
				49450F832C11AE370036A167 /* LongTestCases.swift in Sources */,
				49EC4CF92C06115C00D68CF9 /* FindTheHighestAltitude.swift in Sources */,
				4955119C2C12FC87004BCD04 /* TrieNode.swift in Sources */,
				49EC4CCD2C060CAA00D68CF9 /* ReverseLinkedList.swift in Sources */,
				4912C7AE2C09CBBA00DEB016 /* MinCostClimbingStairs.swift in Sources */,
				4992C52E2C16FF2300E16FCF /* LongestSubarrayOf1sAfterDeletingOneElement.swift in Sources */,
				490BD5832C0721AC003AE043 /* MaximumDepthOfBinaryTree.swift in Sources */,
				490BD57F2C071DB7003AE043 /* NumberOfRecentCalls.swift in Sources */,
				49DA51172C08B1D30062A064 /* GuessNumberHigherOrLower.swift in Sources */,
				49B3312A2C09AE6600BC47D8 /* NthTribonacciNumber.swift in Sources */,
				49450F792C1182A70036A167 /* MaxNumberOfKSumPairs.swift in Sources */,
				497399172C0DBA1A003031AA /* CountingBits.swift in Sources */,
				49EC4CF72C06115C00D68CF9 /* MergeStringsAlternately.swift in Sources */,
				4992C5252C14AB8900E16FCF /* MaximumNumberOfVowelsInSubstringOfGivenLength.swift in Sources */,
				498B5C4C2C1061DE00B2DC79 /* IncreasingTripletSubsequence.swift in Sources */,
				49450F752C117FE90036A167 /* ContainerWithMostWater.swift in Sources */,
				498B5C502C1062F700B2DC79 /* StringCompression.swift in Sources */,
				499763332BFF85D8009D6EF5 /* main.swift in Sources */,
				49EC4CED2C06102E00D68CF9 /* KidsWithTheGreatestNumberOfCandies.swift in Sources */,
				499763372BFF88A7009D6EF5 /* LeetCode75.swift in Sources */,
				49EC4CE32C060F1F00D68CF9 /* MaximumAverageSubarrayI.swift in Sources */,
			);
			runOnlyForDeploymentPostprocessing = 0;
		};
/* End PBXSourcesBuildPhase section */

/* Begin XCBuildConfiguration section */
		494A7B5728B91461008CDBFE /* Debug */ = {
			isa = XCBuildConfiguration;
			buildSettings = {
				ALWAYS_EMBED_SWIFT_STANDARD_LIBRARIES = "$(EMBEDDED_CONTENT_CONTAINS_SWIFT)";
				ALWAYS_SEARCH_USER_PATHS = NO;
				ARCHS = "$(ARCHS_STANDARD)";
				CLANG_ANALYZER_NONNULL = YES;
				CLANG_ANALYZER_NUMBER_OBJECT_CONVERSION = YES_AGGRESSIVE;
				CLANG_CXX_LANGUAGE_STANDARD = "gnu++17";
				CLANG_ENABLE_MODULES = YES;
				CLANG_ENABLE_OBJC_ARC = YES;
				CLANG_ENABLE_OBJC_WEAK = YES;
				CLANG_WARN_BLOCK_CAPTURE_AUTORELEASING = YES;
				CLANG_WARN_BOOL_CONVERSION = YES;
				CLANG_WARN_COMMA = YES;
				CLANG_WARN_CONSTANT_CONVERSION = YES;
				CLANG_WARN_DEPRECATED_OBJC_IMPLEMENTATIONS = YES;
				CLANG_WARN_DIRECT_OBJC_ISA_USAGE = YES_ERROR;
				CLANG_WARN_DOCUMENTATION_COMMENTS = YES;
				CLANG_WARN_EMPTY_BODY = YES;
				CLANG_WARN_ENUM_CONVERSION = YES;
				CLANG_WARN_INFINITE_RECURSION = YES;
				CLANG_WARN_INT_CONVERSION = YES;
				CLANG_WARN_NON_LITERAL_NULL_CONVERSION = YES;
				CLANG_WARN_OBJC_IMPLICIT_RETAIN_SELF = YES;
				CLANG_WARN_OBJC_LITERAL_CONVERSION = YES;
				CLANG_WARN_OBJC_ROOT_CLASS = YES_ERROR;
				CLANG_WARN_QUOTED_INCLUDE_IN_FRAMEWORK_HEADER = YES;
				CLANG_WARN_RANGE_LOOP_ANALYSIS = YES;
				CLANG_WARN_STRICT_PROTOTYPES = YES;
				CLANG_WARN_SUSPICIOUS_MOVE = YES;
				CLANG_WARN_UNGUARDED_AVAILABILITY = YES_AGGRESSIVE;
				CLANG_WARN_UNREACHABLE_CODE = YES;
				CLANG_WARN__DUPLICATE_METHOD_MATCH = YES;
				COPY_PHASE_STRIP = NO;
				DEBUG_INFORMATION_FORMAT = dwarf;
				DEFINES_MODULE = YES;
				ENABLE_STRICT_OBJC_MSGSEND = YES;
				ENABLE_TESTABILITY = YES;
				GCC_C_LANGUAGE_STANDARD = gnu11;
				GCC_DYNAMIC_NO_PIC = NO;
				GCC_NO_COMMON_BLOCKS = YES;
				GCC_OPTIMIZATION_LEVEL = 0;
				GCC_PREPROCESSOR_DEFINITIONS = (
					"DEBUG=1",
					"$(inherited)",
				);
				GCC_WARN_64_TO_32_BIT_CONVERSION = YES;
				GCC_WARN_ABOUT_RETURN_TYPE = YES_ERROR;
				GCC_WARN_UNDECLARED_SELECTOR = YES;
				GCC_WARN_UNINITIALIZED_AUTOS = YES_AGGRESSIVE;
				GCC_WARN_UNUSED_FUNCTION = YES;
				GCC_WARN_UNUSED_VARIABLE = YES;
				MACOSX_DEPLOYMENT_TARGET = 13.0;
				MARKETING_VERSION = 1.0.0;
				MTL_ENABLE_DEBUG_INFO = INCLUDE_SOURCE;
				MTL_FAST_MATH = YES;
				ONLY_ACTIVE_ARCH = NO;
				SDKROOT = macosx;
				SWIFT_ACTIVE_COMPILATION_CONDITIONS = DEBUG;
				SWIFT_OPTIMIZATION_LEVEL = "-Onone";
			};
			name = Debug;
		};
		494A7B5828B91461008CDBFE /* Release */ = {
			isa = XCBuildConfiguration;
			buildSettings = {
				ALWAYS_EMBED_SWIFT_STANDARD_LIBRARIES = "$(EMBEDDED_CONTENT_CONTAINS_SWIFT)";
				ALWAYS_SEARCH_USER_PATHS = NO;
				ARCHS = "$(ARCHS_STANDARD)";
				CLANG_ANALYZER_NONNULL = YES;
				CLANG_ANALYZER_NUMBER_OBJECT_CONVERSION = YES_AGGRESSIVE;
				CLANG_CXX_LANGUAGE_STANDARD = "gnu++17";
				CLANG_ENABLE_MODULES = YES;
				CLANG_ENABLE_OBJC_ARC = YES;
				CLANG_ENABLE_OBJC_WEAK = YES;
				CLANG_WARN_BLOCK_CAPTURE_AUTORELEASING = YES;
				CLANG_WARN_BOOL_CONVERSION = YES;
				CLANG_WARN_COMMA = YES;
				CLANG_WARN_CONSTANT_CONVERSION = YES;
				CLANG_WARN_DEPRECATED_OBJC_IMPLEMENTATIONS = YES;
				CLANG_WARN_DIRECT_OBJC_ISA_USAGE = YES_ERROR;
				CLANG_WARN_DOCUMENTATION_COMMENTS = YES;
				CLANG_WARN_EMPTY_BODY = YES;
				CLANG_WARN_ENUM_CONVERSION = YES;
				CLANG_WARN_INFINITE_RECURSION = YES;
				CLANG_WARN_INT_CONVERSION = YES;
				CLANG_WARN_NON_LITERAL_NULL_CONVERSION = YES;
				CLANG_WARN_OBJC_IMPLICIT_RETAIN_SELF = YES;
				CLANG_WARN_OBJC_LITERAL_CONVERSION = YES;
				CLANG_WARN_OBJC_ROOT_CLASS = YES_ERROR;
				CLANG_WARN_QUOTED_INCLUDE_IN_FRAMEWORK_HEADER = YES;
				CLANG_WARN_RANGE_LOOP_ANALYSIS = YES;
				CLANG_WARN_STRICT_PROTOTYPES = YES;
				CLANG_WARN_SUSPICIOUS_MOVE = YES;
				CLANG_WARN_UNGUARDED_AVAILABILITY = YES_AGGRESSIVE;
				CLANG_WARN_UNREACHABLE_CODE = YES;
				CLANG_WARN__DUPLICATE_METHOD_MATCH = YES;
				COPY_PHASE_STRIP = NO;
				DEBUG_INFORMATION_FORMAT = "dwarf-with-dsym";
				DEFINES_MODULE = YES;
				ENABLE_NS_ASSERTIONS = NO;
				ENABLE_STRICT_OBJC_MSGSEND = YES;
				GCC_C_LANGUAGE_STANDARD = gnu11;
				GCC_NO_COMMON_BLOCKS = YES;
				GCC_WARN_64_TO_32_BIT_CONVERSION = YES;
				GCC_WARN_ABOUT_RETURN_TYPE = YES_ERROR;
				GCC_WARN_UNDECLARED_SELECTOR = YES;
				GCC_WARN_UNINITIALIZED_AUTOS = YES_AGGRESSIVE;
				GCC_WARN_UNUSED_FUNCTION = YES;
				GCC_WARN_UNUSED_VARIABLE = YES;
				MACOSX_DEPLOYMENT_TARGET = 13.0;
				MARKETING_VERSION = 1.0.0;
				MTL_ENABLE_DEBUG_INFO = NO;
				MTL_FAST_MATH = YES;
				SDKROOT = macosx;
				SWIFT_COMPILATION_MODE = wholemodule;
				SWIFT_OPTIMIZATION_LEVEL = "-O";
			};
			name = Release;
		};
		494A7B5A28B91461008CDBFE /* Debug */ = {
			isa = XCBuildConfiguration;
			buildSettings = {
				CLANG_CXX_LANGUAGE_STANDARD = "gnu++20";
				CODE_SIGN_STYLE = Automatic;
				DEVELOPMENT_ASSET_PATHS = "Shared/Helpers/TreeNode.swift Shared/Helpers/BenchTimer.swift Shared/Helpers/ListNode.swift Shared/Helpers/Node.swift Shared/Helpers";
				DEVELOPMENT_TEAM = 277JX9R2RP;
				ENABLE_HARDENED_RUNTIME = YES;
				GCC_C_LANGUAGE_STANDARD = gnu17;
				MACOSX_DEPLOYMENT_TARGET = 13.0;
				OTHER_SWIFT_FLAGS = "";
				PRODUCT_BUNDLE_IDENTIFIER = "com.mayer-inc.LeetCode100";
				PRODUCT_NAME = "$(TARGET_NAME)";
				SWIFT_ACTIVE_COMPILATION_CONDITIONS = DEBUG;
				SWIFT_VERSION = 5.0;
			};
			name = Debug;
		};
		494A7B5B28B91461008CDBFE /* Release */ = {
			isa = XCBuildConfiguration;
			buildSettings = {
				CLANG_CXX_LANGUAGE_STANDARD = "gnu++20";
				CODE_SIGN_STYLE = Automatic;
				DEVELOPMENT_ASSET_PATHS = "Shared/Helpers/TreeNode.swift Shared/Helpers/BenchTimer.swift Shared/Helpers/ListNode.swift Shared/Helpers/Node.swift Shared/Helpers";
				DEVELOPMENT_TEAM = 277JX9R2RP;
				ENABLE_HARDENED_RUNTIME = YES;
				GCC_C_LANGUAGE_STANDARD = gnu17;
				MACOSX_DEPLOYMENT_TARGET = 13.0;
				OTHER_SWIFT_FLAGS = "";
				PRODUCT_BUNDLE_IDENTIFIER = "com.mayer-inc.LeetCode100";
				PRODUCT_NAME = "$(TARGET_NAME)";
				SWIFT_VERSION = 5.0;
			};
			name = Release;
		};
		494A7B6628B91557008CDBFE /* Debug */ = {
			isa = XCBuildConfiguration;
			buildSettings = {
				ARCHS = "$(ARCHS_STANDARD)";
				CODE_SIGN_STYLE = Automatic;
				CURRENT_PROJECT_VERSION = 1;
				DEVELOPMENT_TEAM = 277JX9R2RP;
				GENERATE_INFOPLIST_FILE = YES;
				MACOSX_DEPLOYMENT_TARGET = 13.0;
				MARKETING_VERSION = 1.0;
				PRODUCT_BUNDLE_IDENTIFIER = "com.mayer-inc.LeetCode100-UnitTests";
				PRODUCT_NAME = "$(TARGET_NAME)";
				SWIFT_ACTIVE_COMPILATION_CONDITIONS = DEBUG;
				SWIFT_EMIT_LOC_STRINGS = NO;
				SWIFT_VERSION = 5.0;
			};
			name = Debug;
		};
		494A7B6728B91557008CDBFE /* Release */ = {
			isa = XCBuildConfiguration;
			buildSettings = {
				ARCHS = "$(ARCHS_STANDARD)";
				CODE_SIGN_STYLE = Automatic;
				CURRENT_PROJECT_VERSION = 1;
				DEVELOPMENT_TEAM = 277JX9R2RP;
				GENERATE_INFOPLIST_FILE = YES;
				MACOSX_DEPLOYMENT_TARGET = 13.0;
				MARKETING_VERSION = 1.0;
				PRODUCT_BUNDLE_IDENTIFIER = "com.mayer-inc.LeetCode100-UnitTests";
				PRODUCT_NAME = "$(TARGET_NAME)";
				SWIFT_EMIT_LOC_STRINGS = NO;
				SWIFT_VERSION = 5.0;
			};
			name = Release;
		};
		499762EE2BFF8031009D6EF5 /* Debug */ = {
			isa = XCBuildConfiguration;
			buildSettings = {
				CLANG_CXX_LANGUAGE_STANDARD = "gnu++20";
				CODE_SIGN_STYLE = Automatic;
				DEVELOPMENT_ASSET_PATHS = "Shared/Helpers/TreeNode.swift Shared/Helpers/BenchTimer.swift Shared/Helpers/ListNode.swift Shared/Helpers/Node.swift Shared/Helpers";
				DEVELOPMENT_TEAM = 277JX9R2RP;
				ENABLE_HARDENED_RUNTIME = YES;
				ENABLE_USER_SCRIPT_SANDBOXING = NO;
				GCC_C_LANGUAGE_STANDARD = gnu17;
				LOCALIZATION_PREFERS_STRING_CATALOGS = NO;
				MACOSX_DEPLOYMENT_TARGET = 13.0;
				ONLY_ACTIVE_ARCH = NO;
				OTHER_SWIFT_FLAGS = "";
				PRODUCT_BUNDLE_IDENTIFIER = "com.mayer-inc.LeetCode75";
				PRODUCT_NAME = "$(TARGET_NAME)";
				SWIFT_ACTIVE_COMPILATION_CONDITIONS = DEBUG;
				SWIFT_VERSION = 5.0;
			};
			name = Debug;
		};
		499762EF2BFF8031009D6EF5 /* Release */ = {
			isa = XCBuildConfiguration;
			buildSettings = {
				CLANG_CXX_LANGUAGE_STANDARD = "gnu++20";
				CODE_SIGN_STYLE = Automatic;
				DEVELOPMENT_ASSET_PATHS = "Shared/Helpers/TreeNode.swift Shared/Helpers/BenchTimer.swift Shared/Helpers/ListNode.swift Shared/Helpers/Node.swift Shared/Helpers";
				DEVELOPMENT_TEAM = 277JX9R2RP;
				ENABLE_HARDENED_RUNTIME = YES;
				ENABLE_USER_SCRIPT_SANDBOXING = NO;
				GCC_C_LANGUAGE_STANDARD = gnu17;
				LOCALIZATION_PREFERS_STRING_CATALOGS = NO;
				MACOSX_DEPLOYMENT_TARGET = 13.0;
				ONLY_ACTIVE_ARCH = NO;
				OTHER_SWIFT_FLAGS = "";
				PRODUCT_BUNDLE_IDENTIFIER = "com.mayer-inc.LeetCode75";
				PRODUCT_NAME = "$(TARGET_NAME)";
				SWIFT_VERSION = 5.0;
			};
			name = Release;
		};
		499762F92BFF809E009D6EF5 /* Debug */ = {
			isa = XCBuildConfiguration;
			buildSettings = {
				ASSETCATALOG_COMPILER_GENERATE_SWIFT_ASSET_SYMBOL_EXTENSIONS = YES;
				CLANG_CXX_LANGUAGE_STANDARD = "gnu++20";
				CODE_SIGN_STYLE = Automatic;
				CURRENT_PROJECT_VERSION = 1;
				DEVELOPMENT_TEAM = 277JX9R2RP;
				ENABLE_USER_SCRIPT_SANDBOXING = YES;
				GCC_C_LANGUAGE_STANDARD = gnu17;
				GENERATE_INFOPLIST_FILE = YES;
				LOCALIZATION_PREFERS_STRING_CATALOGS = YES;
				MACOSX_DEPLOYMENT_TARGET = 13.0;
				MARKETING_VERSION = 1.0;
				ONLY_ACTIVE_ARCH = NO;
				PRODUCT_BUNDLE_IDENTIFIER = "com.mayer-inc.LeetCode75-UnitTests";
				PRODUCT_NAME = "$(TARGET_NAME)";
				SWIFT_ACTIVE_COMPILATION_CONDITIONS = "$(inherited)";
				SWIFT_EMIT_LOC_STRINGS = NO;
				SWIFT_VERSION = 5.0;
			};
			name = Debug;
		};
		499762FA2BFF809E009D6EF5 /* Release */ = {
			isa = XCBuildConfiguration;
			buildSettings = {
				ASSETCATALOG_COMPILER_GENERATE_SWIFT_ASSET_SYMBOL_EXTENSIONS = YES;
				CLANG_CXX_LANGUAGE_STANDARD = "gnu++20";
				CODE_SIGN_STYLE = Automatic;
				CURRENT_PROJECT_VERSION = 1;
				DEVELOPMENT_TEAM = 277JX9R2RP;
				ENABLE_USER_SCRIPT_SANDBOXING = YES;
				GCC_C_LANGUAGE_STANDARD = gnu17;
				GENERATE_INFOPLIST_FILE = YES;
				LOCALIZATION_PREFERS_STRING_CATALOGS = YES;
				MACOSX_DEPLOYMENT_TARGET = 13.0;
				MARKETING_VERSION = 1.0;
				ONLY_ACTIVE_ARCH = NO;
				PRODUCT_BUNDLE_IDENTIFIER = "com.mayer-inc.LeetCode75-UnitTests";
				PRODUCT_NAME = "$(TARGET_NAME)";
				SWIFT_EMIT_LOC_STRINGS = NO;
				SWIFT_VERSION = 5.0;
			};
			name = Release;
		};
/* End XCBuildConfiguration section */

/* Begin XCConfigurationList section */
		494A7B4D28B91461008CDBFE /* Build configuration list for PBXProject "LeetCode" */ = {
			isa = XCConfigurationList;
			buildConfigurations = (
				494A7B5728B91461008CDBFE /* Debug */,
				494A7B5828B91461008CDBFE /* Release */,
			);
			defaultConfigurationIsVisible = 0;
			defaultConfigurationName = Release;
		};
		494A7B5928B91461008CDBFE /* Build configuration list for PBXNativeTarget "LeetCode100" */ = {
			isa = XCConfigurationList;
			buildConfigurations = (
				494A7B5A28B91461008CDBFE /* Debug */,
				494A7B5B28B91461008CDBFE /* Release */,
			);
			defaultConfigurationIsVisible = 0;
			defaultConfigurationName = Release;
		};
		494A7B6528B91557008CDBFE /* Build configuration list for PBXNativeTarget "LeetCode100_UnitTests" */ = {
			isa = XCConfigurationList;
			buildConfigurations = (
				494A7B6628B91557008CDBFE /* Debug */,
				494A7B6728B91557008CDBFE /* Release */,
			);
			defaultConfigurationIsVisible = 0;
			defaultConfigurationName = Release;
		};
		499762ED2BFF8031009D6EF5 /* Build configuration list for PBXNativeTarget "LeetCode75" */ = {
			isa = XCConfigurationList;
			buildConfigurations = (
				499762EE2BFF8031009D6EF5 /* Debug */,
				499762EF2BFF8031009D6EF5 /* Release */,
			);
			defaultConfigurationIsVisible = 0;
			defaultConfigurationName = Release;
		};
		499762F82BFF809E009D6EF5 /* Build configuration list for PBXNativeTarget "LeetCode75_UnitTests" */ = {
			isa = XCConfigurationList;
			buildConfigurations = (
				499762F92BFF809E009D6EF5 /* Debug */,
				499762FA2BFF809E009D6EF5 /* Release */,
			);
			defaultConfigurationIsVisible = 0;
			defaultConfigurationName = Release;
		};
/* End XCConfigurationList section */
	};
	rootObject = 494A7B4A28B91461008CDBFE /* Project object */;
}
