// !$*UTF8*$!
{
	archiveVersion = 1;
	classes = {
	};
	objectVersion = 63;
	objects = {

/* Begin PBXBuildFile section */
		494A7B5628B91461008CDBFE /* main.swift in Sources */ = {isa = PBXBuildFile; fileRef = 494A7B5528B91461008CDBFE /* main.swift */; };
		494A7B6C28B919C9008CDBFE /* main.swift in Sources */ = {isa = PBXBuildFile; fileRef = 494A7B5528B91461008CDBFE /* main.swift */; };
		495D40492BFC94DC00ECFC81 /* BenchTimer.swift in Sources */ = {isa = PBXBuildFile; fileRef = 495D40482BFC94DC00ECFC81 /* BenchTimer.swift */; };
		495D404B2BFC95E400ECFC81 /* ListNode.swift in Sources */ = {isa = PBXBuildFile; fileRef = 495D404A2BFC95E400ECFC81 /* ListNode.swift */; };
		495D404D2BFC960B00ECFC81 /* TreeNode.swift in Sources */ = {isa = PBXBuildFile; fileRef = 495D404C2BFC960B00ECFC81 /* TreeNode.swift */; };
		495D404F2BFC965F00ECFC81 /* Node.swift in Sources */ = {isa = PBXBuildFile; fileRef = 495D404E2BFC965F00ECFC81 /* Node.swift */; };
		495D40532BFC969F00ECFC81 /* FirstBadVersion.swift in Sources */ = {isa = PBXBuildFile; fileRef = 495D40522BFC969F00ECFC81 /* FirstBadVersion.swift */; };
		495D405C2BFC97AF00ECFC81 /* BinaryTreeLevelOrderTraversal.swift in Sources */ = {isa = PBXBuildFile; fileRef = 495D405B2BFC97AF00ECFC81 /* BinaryTreeLevelOrderTraversal.swift */; };
		495D40652BFC992500ECFC81 /* BestTimeToBuyAndSellStock.swift in Sources */ = {isa = PBXBuildFile; fileRef = 495D40642BFC992500ECFC81 /* BestTimeToBuyAndSellStock.swift */; };
		495D40682BFC995D00ECFC81 /* LinkedListCycleII.swift in Sources */ = {isa = PBXBuildFile; fileRef = 495D40672BFC995D00ECFC81 /* LinkedListCycleII.swift */; };
		495D40712BFC9A2600ECFC81 /* MergeTwoSortedLists.swift in Sources */ = {isa = PBXBuildFile; fileRef = 495D40702BFC9A2600ECFC81 /* MergeTwoSortedLists.swift */; };
		495D40772BFC9ADE00ECFC81 /* IsomorphicStrings.swift in Sources */ = {isa = PBXBuildFile; fileRef = 495D40762BFC9ADE00ECFC81 /* IsomorphicStrings.swift */; };
		495D40EE2BFCBB7000ECFC81 /* MergeTwoSortedLists.swift in Sources */ = {isa = PBXBuildFile; fileRef = 495D40702BFC9A2600ECFC81 /* MergeTwoSortedLists.swift */; };
		495D40EF2BFCBB7400ECFC81 /* BinaryTreeLevelOrderTraversal.swift in Sources */ = {isa = PBXBuildFile; fileRef = 495D405B2BFC97AF00ECFC81 /* BinaryTreeLevelOrderTraversal.swift */; };
		495D40F02BFCBB7900ECFC81 /* BestTimeToBuyAndSellStock.swift in Sources */ = {isa = PBXBuildFile; fileRef = 495D40642BFC992500ECFC81 /* BestTimeToBuyAndSellStock.swift */; };
		495D40F12BFCBB8200ECFC81 /* LinkedListCycleII.swift in Sources */ = {isa = PBXBuildFile; fileRef = 495D40672BFC995D00ECFC81 /* LinkedListCycleII.swift */; };
		495D40F22BFCBB8500ECFC81 /* IsomorphicStrings.swift in Sources */ = {isa = PBXBuildFile; fileRef = 495D40762BFC9ADE00ECFC81 /* IsomorphicStrings.swift */; };
		495D40F42BFCBB8C00ECFC81 /* FirstBadVersion.swift in Sources */ = {isa = PBXBuildFile; fileRef = 495D40522BFC969F00ECFC81 /* FirstBadVersion.swift */; };
		495D40FD2BFCBBBE00ECFC81 /* Node.swift in Sources */ = {isa = PBXBuildFile; fileRef = 495D404E2BFC965F00ECFC81 /* Node.swift */; };
		495D40FE2BFCBBBE00ECFC81 /* BenchTimer.swift in Sources */ = {isa = PBXBuildFile; fileRef = 495D40482BFC94DC00ECFC81 /* BenchTimer.swift */; };
		495D40FF2BFCBBBE00ECFC81 /* TreeNode.swift in Sources */ = {isa = PBXBuildFile; fileRef = 495D404C2BFC960B00ECFC81 /* TreeNode.swift */; };
		495D41002BFCBBBE00ECFC81 /* ListNode.swift in Sources */ = {isa = PBXBuildFile; fileRef = 495D404A2BFC95E400ECFC81 /* ListNode.swift */; };
		499763162BFF8181009D6EF5 /* BenchTimer.swift in Sources */ = {isa = PBXBuildFile; fileRef = 495D40482BFC94DC00ECFC81 /* BenchTimer.swift */; };
		499763172BFF8181009D6EF5 /* TreeNode.swift in Sources */ = {isa = PBXBuildFile; fileRef = 495D404C2BFC960B00ECFC81 /* TreeNode.swift */; };
		499763182BFF8181009D6EF5 /* Node.swift in Sources */ = {isa = PBXBuildFile; fileRef = 495D404E2BFC965F00ECFC81 /* Node.swift */; };
		499763192BFF8181009D6EF5 /* ListNode.swift in Sources */ = {isa = PBXBuildFile; fileRef = 495D404A2BFC95E400ECFC81 /* ListNode.swift */; };
		4997631A2BFF8181009D6EF5 /* BenchTimer.swift in Sources */ = {isa = PBXBuildFile; fileRef = 495D40482BFC94DC00ECFC81 /* BenchTimer.swift */; };
		4997631B2BFF8181009D6EF5 /* TreeNode.swift in Sources */ = {isa = PBXBuildFile; fileRef = 495D404C2BFC960B00ECFC81 /* TreeNode.swift */; };
		4997631C2BFF8181009D6EF5 /* Node.swift in Sources */ = {isa = PBXBuildFile; fileRef = 495D404E2BFC965F00ECFC81 /* Node.swift */; };
		4997631D2BFF8181009D6EF5 /* ListNode.swift in Sources */ = {isa = PBXBuildFile; fileRef = 495D404A2BFC95E400ECFC81 /* ListNode.swift */; };
		499763322BFF85D7009D6EF5 /* main.swift in Sources */ = {isa = PBXBuildFile; fileRef = 499762EB2BFF8031009D6EF5 /* main.swift */; };
		499763332BFF85D8009D6EF5 /* main.swift in Sources */ = {isa = PBXBuildFile; fileRef = 499762EB2BFF8031009D6EF5 /* main.swift */; };
		499763372BFF88A7009D6EF5 /* LeetCode75.swift in Sources */ = {isa = PBXBuildFile; fileRef = 499763112BFF811C009D6EF5 /* LeetCode75.swift */; };
		49E2024E2C03ABB4005D75E9 /* LeetCode75.xctestplan in Resources */ = {isa = PBXBuildFile; fileRef = 49E2024D2C03ABB4005D75E9 /* LeetCode75.xctestplan */; };
		49E202502C046FE8005D75E9 /* LeetCode.swift in Sources */ = {isa = PBXBuildFile; fileRef = 494A7B6328B91557008CDBFE /* LeetCode.swift */; };
		49E202562C04E623005D75E9 /* NAryTreePreorderTraversal.swift in Sources */ = {isa = PBXBuildFile; fileRef = 49E202522C04E623005D75E9 /* NAryTreePreorderTraversal.swift */; };
		49E202572C04E623005D75E9 /* NAryTreePreorderTraversal.swift in Sources */ = {isa = PBXBuildFile; fileRef = 49E202522C04E623005D75E9 /* NAryTreePreorderTraversal.swift */; };
		49E202582C04E623005D75E9 /* LongestPalindrome.swift in Sources */ = {isa = PBXBuildFile; fileRef = 49E202542C04E623005D75E9 /* LongestPalindrome.swift */; };
		49E202592C04E623005D75E9 /* LongestPalindrome.swift in Sources */ = {isa = PBXBuildFile; fileRef = 49E202542C04E623005D75E9 /* LongestPalindrome.swift */; };
/* End PBXBuildFile section */

/* Begin PBXCopyFilesBuildPhase section */
		494A7B5028B91461008CDBFE /* CopyFiles */ = {
			isa = PBXCopyFilesBuildPhase;
			buildActionMask = 2147483647;
			dstPath = /usr/share/man/man1/;
			dstSubfolderSpec = 0;
			files = (
			);
			runOnlyForDeploymentPostprocessing = 1;
		};
		499762E72BFF8031009D6EF5 /* CopyFiles */ = {
			isa = PBXCopyFilesBuildPhase;
			buildActionMask = 2147483647;
			dstPath = /usr/share/man/man1/;
			dstSubfolderSpec = 0;
			files = (
			);
			runOnlyForDeploymentPostprocessing = 1;
		};
/* End PBXCopyFilesBuildPhase section */

/* Begin PBXFileReference section */
		494A7B5228B91461008CDBFE /* LeetCode */ = {isa = PBXFileReference; explicitFileType = "compiled.mach-o.executable"; includeInIndex = 0; path = LeetCode; sourceTree = BUILT_PRODUCTS_DIR; };
		494A7B5528B91461008CDBFE /* main.swift */ = {isa = PBXFileReference; lastKnownFileType = sourcecode.swift; path = main.swift; sourceTree = "<group>"; };
		494A7B6128B91557008CDBFE /* LeetCode_UnitTests.xctest */ = {isa = PBXFileReference; explicitFileType = wrapper.cfbundle; includeInIndex = 0; path = LeetCode_UnitTests.xctest; sourceTree = BUILT_PRODUCTS_DIR; };
		494A7B6328B91557008CDBFE /* LeetCode.swift */ = {isa = PBXFileReference; lastKnownFileType = sourcecode.swift; path = LeetCode.swift; sourceTree = "<group>"; };
		495D40482BFC94DC00ECFC81 /* BenchTimer.swift */ = {isa = PBXFileReference; lastKnownFileType = sourcecode.swift; path = BenchTimer.swift; sourceTree = "<group>"; };
		495D404A2BFC95E400ECFC81 /* ListNode.swift */ = {isa = PBXFileReference; lastKnownFileType = sourcecode.swift; path = ListNode.swift; sourceTree = "<group>"; };
		495D404C2BFC960B00ECFC81 /* TreeNode.swift */ = {isa = PBXFileReference; lastKnownFileType = sourcecode.swift; path = TreeNode.swift; sourceTree = "<group>"; };
		495D404E2BFC965F00ECFC81 /* Node.swift */ = {isa = PBXFileReference; lastKnownFileType = sourcecode.swift; path = Node.swift; sourceTree = "<group>"; };
		495D40522BFC969F00ECFC81 /* FirstBadVersion.swift */ = {isa = PBXFileReference; lastKnownFileType = sourcecode.swift; path = FirstBadVersion.swift; sourceTree = "<group>"; };
		495D405B2BFC97AF00ECFC81 /* BinaryTreeLevelOrderTraversal.swift */ = {isa = PBXFileReference; lastKnownFileType = sourcecode.swift; path = BinaryTreeLevelOrderTraversal.swift; sourceTree = "<group>"; };
		495D40642BFC992500ECFC81 /* BestTimeToBuyAndSellStock.swift */ = {isa = PBXFileReference; lastKnownFileType = sourcecode.swift; path = BestTimeToBuyAndSellStock.swift; sourceTree = "<group>"; };
		495D40672BFC995D00ECFC81 /* LinkedListCycleII.swift */ = {isa = PBXFileReference; lastKnownFileType = sourcecode.swift; path = LinkedListCycleII.swift; sourceTree = "<group>"; };
		495D40702BFC9A2600ECFC81 /* MergeTwoSortedLists.swift */ = {isa = PBXFileReference; lastKnownFileType = sourcecode.swift; path = MergeTwoSortedLists.swift; sourceTree = "<group>"; };
		495D40762BFC9ADE00ECFC81 /* IsomorphicStrings.swift */ = {isa = PBXFileReference; lastKnownFileType = sourcecode.swift; path = IsomorphicStrings.swift; sourceTree = "<group>"; };
		499762E92BFF8031009D6EF5 /* LeetCode75 */ = {isa = PBXFileReference; explicitFileType = "compiled.mach-o.executable"; includeInIndex = 0; path = LeetCode75; sourceTree = BUILT_PRODUCTS_DIR; };
		499762EB2BFF8031009D6EF5 /* main.swift */ = {isa = PBXFileReference; lastKnownFileType = sourcecode.swift; path = main.swift; sourceTree = "<group>"; };
		499762F42BFF809E009D6EF5 /* LeetCode75_UnitTests.xctest */ = {isa = PBXFileReference; explicitFileType = wrapper.cfbundle; includeInIndex = 0; path = LeetCode75_UnitTests.xctest; sourceTree = BUILT_PRODUCTS_DIR; };
		499763112BFF811C009D6EF5 /* LeetCode75.swift */ = {isa = PBXFileReference; lastKnownFileType = sourcecode.swift; path = LeetCode75.swift; sourceTree = "<group>"; };
		49C7A34E2C03A823000CE31E /* LeetCode.xctestplan */ = {isa = PBXFileReference; lastKnownFileType = text; path = LeetCode.xctestplan; sourceTree = "<group>"; };
		49E2024D2C03ABB4005D75E9 /* LeetCode75.xctestplan */ = {isa = PBXFileReference; fileEncoding = 4; lastKnownFileType = text; path = LeetCode75.xctestplan; sourceTree = "<group>"; };
		49E202522C04E623005D75E9 /* NAryTreePreorderTraversal.swift */ = {isa = PBXFileReference; fileEncoding = 4; lastKnownFileType = sourcecode.swift; path = NAryTreePreorderTraversal.swift; sourceTree = "<group>"; };
		49E202542C04E623005D75E9 /* LongestPalindrome.swift */ = {isa = PBXFileReference; fileEncoding = 4; lastKnownFileType = sourcecode.swift; path = LongestPalindrome.swift; sourceTree = "<group>"; };
/* End PBXFileReference section */

/* Begin PBXFrameworksBuildPhase section */
		494A7B4F28B91461008CDBFE /* Frameworks */ = {
			isa = PBXFrameworksBuildPhase;
			buildActionMask = 2147483647;
			files = (
			);
			runOnlyForDeploymentPostprocessing = 0;
		};
		494A7B5E28B91557008CDBFE /* Frameworks */ = {
			isa = PBXFrameworksBuildPhase;
			buildActionMask = 2147483647;
			files = (
			);
			runOnlyForDeploymentPostprocessing = 0;
		};
		499762E62BFF8031009D6EF5 /* Frameworks */ = {
			isa = PBXFrameworksBuildPhase;
			buildActionMask = 2147483647;
			files = (
			);
			runOnlyForDeploymentPostprocessing = 0;
		};
		499762F12BFF809E009D6EF5 /* Frameworks */ = {
			isa = PBXFrameworksBuildPhase;
			buildActionMask = 2147483647;
			files = (
			);
			runOnlyForDeploymentPostprocessing = 0;
		};
/* End PBXFrameworksBuildPhase section */

/* Begin PBXGroup section */
		491085842BFF893D006F73CC /* Shared */ = {
			isa = PBXGroup;
			children = (
				495D40502BFC967300ECFC81 /* Helpers */,
			);
			path = Shared;
			sourceTree = "<group>";
		};
		494A7B4928B91461008CDBFE = {
			isa = PBXGroup;
			children = (
				491085842BFF893D006F73CC /* Shared */,
				494A7B5428B91461008CDBFE /* LeetCode */,
				499762EA2BFF8031009D6EF5 /* LeetCode75 */,
				494A7B5328B91461008CDBFE /* Products */,
				494A7B6228B91557008CDBFE /* UnitTests */,
			);
			sourceTree = "<group>";
		};
		494A7B5328B91461008CDBFE /* Products */ = {
			isa = PBXGroup;
			children = (
				494A7B5228B91461008CDBFE /* LeetCode */,
				494A7B6128B91557008CDBFE /* LeetCode_UnitTests.xctest */,
				499762E92BFF8031009D6EF5 /* LeetCode75 */,
				499762F42BFF809E009D6EF5 /* LeetCode75_UnitTests.xctest */,
			);
			name = Products;
			sourceTree = "<group>";
		};
		494A7B5428B91461008CDBFE /* LeetCode */ = {
			isa = PBXGroup;
			children = (
				495D406F2BFC9A1B00ECFC81 /* 21. Merge Two Sorted Lists */,
				495D405A2BFC979B00ECFC81 /* 102. Binary Tree Level Order Traversal */,
				495D40632BFC991600ECFC81 /* 121. Best Time to Buy and Sell Stock */,
				495D40662BFC994E00ECFC81 /* 142. Linked List Cycle II */,
				495D40752BFC9AD700ECFC81 /* 205. Isomorphic Strings */,
				495D40512BFC967A00ECFC81 /* 278. First Bad Version */,
				49E202552C04E623005D75E9 /* 409. Longest Palindrome */,
				49E202532C04E623005D75E9 /* 589. N-ary Tree Preorder Traversal */,
				494A7B5528B91461008CDBFE /* main.swift */,
			);
			path = LeetCode;
			sourceTree = "<group>";
		};
		494A7B6228B91557008CDBFE /* UnitTests */ = {
			isa = PBXGroup;
			children = (
				49E2024D2C03ABB4005D75E9 /* LeetCode75.xctestplan */,
				49C7A34E2C03A823000CE31E /* LeetCode.xctestplan */,
				494A7B6328B91557008CDBFE /* LeetCode.swift */,
				499763112BFF811C009D6EF5 /* LeetCode75.swift */,
			);
			path = UnitTests;
			sourceTree = "<group>";
		};
		495D40502BFC967300ECFC81 /* Helpers */ = {
			isa = PBXGroup;
			children = (
				495D40482BFC94DC00ECFC81 /* BenchTimer.swift */,
				495D404E2BFC965F00ECFC81 /* Node.swift */,
				495D404A2BFC95E400ECFC81 /* ListNode.swift */,
				495D404C2BFC960B00ECFC81 /* TreeNode.swift */,
			);
			path = Helpers;
			sourceTree = "<group>";
		};
		495D40512BFC967A00ECFC81 /* 278. First Bad Version */ = {
			isa = PBXGroup;
			children = (
				495D40522BFC969F00ECFC81 /* FirstBadVersion.swift */,
			);
			path = "278. First Bad Version";
			sourceTree = "<group>";
		};
		495D405A2BFC979B00ECFC81 /* 102. Binary Tree Level Order Traversal */ = {
			isa = PBXGroup;
			children = (
				495D405B2BFC97AF00ECFC81 /* BinaryTreeLevelOrderTraversal.swift */,
			);
			path = "102. Binary Tree Level Order Traversal";
			sourceTree = "<group>";
		};
		495D40632BFC991600ECFC81 /* 121. Best Time to Buy and Sell Stock */ = {
			isa = PBXGroup;
			children = (
				495D40642BFC992500ECFC81 /* BestTimeToBuyAndSellStock.swift */,
			);
			path = "121. Best Time to Buy and Sell Stock";
			sourceTree = "<group>";
		};
		495D40662BFC994E00ECFC81 /* 142. Linked List Cycle II */ = {
			isa = PBXGroup;
			children = (
				495D40672BFC995D00ECFC81 /* LinkedListCycleII.swift */,
			);
			path = "142. Linked List Cycle II";
			sourceTree = "<group>";
		};
		495D406F2BFC9A1B00ECFC81 /* 21. Merge Two Sorted Lists */ = {
			isa = PBXGroup;
			children = (
				495D40702BFC9A2600ECFC81 /* MergeTwoSortedLists.swift */,
			);
			path = "21. Merge Two Sorted Lists";
			sourceTree = "<group>";
		};
		495D40752BFC9AD700ECFC81 /* 205. Isomorphic Strings */ = {
			isa = PBXGroup;
			children = (
				495D40762BFC9ADE00ECFC81 /* IsomorphicStrings.swift */,
			);
			path = "205. Isomorphic Strings";
			sourceTree = "<group>";
		};
		499762EA2BFF8031009D6EF5 /* LeetCode75 */ = {
			isa = PBXGroup;
			children = (
				499762EB2BFF8031009D6EF5 /* main.swift */,
			);
			path = LeetCode75;
			sourceTree = "<group>";
		};
		49E202532C04E623005D75E9 /* 589. N-ary Tree Preorder Traversal */ = {
			isa = PBXGroup;
			children = (
				49E202522C04E623005D75E9 /* NAryTreePreorderTraversal.swift */,
			);
			path = "589. N-ary Tree Preorder Traversal";
			sourceTree = "<group>";
		};
		49E202552C04E623005D75E9 /* 409. Longest Palindrome */ = {
			isa = PBXGroup;
			children = (
				49E202542C04E623005D75E9 /* LongestPalindrome.swift */,
			);
			path = "409. Longest Palindrome";
			sourceTree = "<group>";
		};
/* End PBXGroup section */

/* Begin PBXNativeTarget section */
		494A7B5128B91461008CDBFE /* LeetCode */ = {
			isa = PBXNativeTarget;
			buildConfigurationList = 494A7B5928B91461008CDBFE /* Build configuration list for PBXNativeTarget "LeetCode" */;
			buildPhases = (
				494A7B4E28B91461008CDBFE /* Sources */,
				494A7B4F28B91461008CDBFE /* Frameworks */,
				494A7B5028B91461008CDBFE /* CopyFiles */,
			);
			buildRules = (
			);
			dependencies = (
			);
			name = LeetCode;
			productName = LeetCode;
			productReference = 494A7B5228B91461008CDBFE /* LeetCode */;
			productType = "com.apple.product-type.tool";
		};
		494A7B6028B91557008CDBFE /* LeetCode_UnitTests */ = {
			isa = PBXNativeTarget;
			buildConfigurationList = 494A7B6528B91557008CDBFE /* Build configuration list for PBXNativeTarget "LeetCode_UnitTests" */;
			buildPhases = (
				494A7B5D28B91557008CDBFE /* Sources */,
				494A7B5E28B91557008CDBFE /* Frameworks */,
				494A7B5F28B91557008CDBFE /* Resources */,
			);
			buildRules = (
			);
			dependencies = (
			);
			name = LeetCode_UnitTests;
			productName = Tests;
			productReference = 494A7B6128B91557008CDBFE /* LeetCode_UnitTests.xctest */;
			productType = "com.apple.product-type.bundle.unit-test";
		};
		499762E82BFF8031009D6EF5 /* LeetCode75 */ = {
			isa = PBXNativeTarget;
			buildConfigurationList = 499762ED2BFF8031009D6EF5 /* Build configuration list for PBXNativeTarget "LeetCode75" */;
			buildPhases = (
				499762E52BFF8031009D6EF5 /* Sources */,
				499762E62BFF8031009D6EF5 /* Frameworks */,
				499762E72BFF8031009D6EF5 /* CopyFiles */,
			);
			buildRules = (
			);
			dependencies = (
			);
			name = LeetCode75;
			productName = LeetCode75;
			productReference = 499762E92BFF8031009D6EF5 /* LeetCode75 */;
			productType = "com.apple.product-type.tool";
		};
		499762F32BFF809E009D6EF5 /* LeetCode75_UnitTests */ = {
			isa = PBXNativeTarget;
			buildConfigurationList = 499762F82BFF809E009D6EF5 /* Build configuration list for PBXNativeTarget "LeetCode75_UnitTests" */;
			buildPhases = (
				499762F02BFF809E009D6EF5 /* Sources */,
				499762F12BFF809E009D6EF5 /* Frameworks */,
				499762F22BFF809E009D6EF5 /* Resources */,
			);
			buildRules = (
			);
			dependencies = (
			);
			name = LeetCode75_UnitTests;
			productName = LeetCode75_UnitTests;
			productReference = 499762F42BFF809E009D6EF5 /* LeetCode75_UnitTests.xctest */;
			productType = "com.apple.product-type.bundle.unit-test";
		};
/* End PBXNativeTarget section */

/* Begin PBXProject section */
		494A7B4A28B91461008CDBFE /* Project object */ = {
			isa = PBXProject;
			attributes = {
				BuildIndependentTargetsInParallel = 1;
				LastSwiftUpdateCheck = 1540;
				LastUpgradeCheck = 1340;
				TargetAttributes = {
					494A7B5128B91461008CDBFE = {
						CreatedOnToolsVersion = 13.4.1;
					};
					494A7B6028B91557008CDBFE = {
						CreatedOnToolsVersion = 13.4.1;
					};
					499762E82BFF8031009D6EF5 = {
						CreatedOnToolsVersion = 15.4;
					};
					499762F32BFF809E009D6EF5 = {
						CreatedOnToolsVersion = 15.4;
					};
				};
			};
			buildConfigurationList = 494A7B4D28B91461008CDBFE /* Build configuration list for PBXProject "LeetCode" */;
			compatibilityVersion = "Xcode 15.3";
			developmentRegion = en;
			hasScannedForEncodings = 0;
			knownRegions = (
				en,
				Base,
			);
			mainGroup = 494A7B4928B91461008CDBFE;
			productRefGroup = 494A7B5328B91461008CDBFE /* Products */;
			projectDirPath = "";
			projectRoot = "";
			targets = (
				494A7B5128B91461008CDBFE /* LeetCode */,
				494A7B6028B91557008CDBFE /* LeetCode_UnitTests */,
				499762E82BFF8031009D6EF5 /* LeetCode75 */,
				499762F32BFF809E009D6EF5 /* LeetCode75_UnitTests */,
			);
		};
/* End PBXProject section */

/* Begin PBXResourcesBuildPhase section */
		494A7B5F28B91557008CDBFE /* Resources */ = {
			isa = PBXResourcesBuildPhase;
			buildActionMask = 2147483647;
			files = (
			);
			runOnlyForDeploymentPostprocessing = 0;
		};
		499762F22BFF809E009D6EF5 /* Resources */ = {
			isa = PBXResourcesBuildPhase;
			buildActionMask = 2147483647;
			files = (
				49E2024E2C03ABB4005D75E9 /* LeetCode75.xctestplan in Resources */,
			);
			runOnlyForDeploymentPostprocessing = 0;
		};
/* End PBXResourcesBuildPhase section */

/* Begin PBXSourcesBuildPhase section */
		494A7B4E28B91461008CDBFE /* Sources */ = {
			isa = PBXSourcesBuildPhase;
			buildActionMask = 2147483647;
			files = (
				495D40492BFC94DC00ECFC81 /* BenchTimer.swift in Sources */,
				495D40652BFC992500ECFC81 /* BestTimeToBuyAndSellStock.swift in Sources */,
				495D40772BFC9ADE00ECFC81 /* IsomorphicStrings.swift in Sources */,
				495D404F2BFC965F00ECFC81 /* Node.swift in Sources */,
				494A7B5628B91461008CDBFE /* main.swift in Sources */,
				495D40532BFC969F00ECFC81 /* FirstBadVersion.swift in Sources */,
				495D405C2BFC97AF00ECFC81 /* BinaryTreeLevelOrderTraversal.swift in Sources */,
				495D404B2BFC95E400ECFC81 /* ListNode.swift in Sources */,
				495D404D2BFC960B00ECFC81 /* TreeNode.swift in Sources */,
				495D40682BFC995D00ECFC81 /* LinkedListCycleII.swift in Sources */,
				495D40712BFC9A2600ECFC81 /* MergeTwoSortedLists.swift in Sources */,
				49E202582C04E623005D75E9 /* LongestPalindrome.swift in Sources */,
				49E202562C04E623005D75E9 /* NAryTreePreorderTraversal.swift in Sources */,
			);
			runOnlyForDeploymentPostprocessing = 0;
		};
		494A7B5D28B91557008CDBFE /* Sources */ = {
			isa = PBXSourcesBuildPhase;
			buildActionMask = 2147483647;
			files = (
				494A7B6C28B919C9008CDBFE /* main.swift in Sources */,
				495D40F12BFCBB8200ECFC81 /* LinkedListCycleII.swift in Sources */,
				49E202502C046FE8005D75E9 /* LeetCode.swift in Sources */,
				495D40F02BFCBB7900ECFC81 /* BestTimeToBuyAndSellStock.swift in Sources */,
				495D40EE2BFCBB7000ECFC81 /* MergeTwoSortedLists.swift in Sources */,
				495D40F42BFCBB8C00ECFC81 /* FirstBadVersion.swift in Sources */,
				49E202572C04E623005D75E9 /* NAryTreePreorderTraversal.swift in Sources */,
				495D40EF2BFCBB7400ECFC81 /* BinaryTreeLevelOrderTraversal.swift in Sources */,
				495D40FD2BFCBBBE00ECFC81 /* Node.swift in Sources */,
				49E202592C04E623005D75E9 /* LongestPalindrome.swift in Sources */,
				495D40FE2BFCBBBE00ECFC81 /* BenchTimer.swift in Sources */,
				495D40FF2BFCBBBE00ECFC81 /* TreeNode.swift in Sources */,
				495D41002BFCBBBE00ECFC81 /* ListNode.swift in Sources */,
				495D40F22BFCBB8500ECFC81 /* IsomorphicStrings.swift in Sources */,
			);
			runOnlyForDeploymentPostprocessing = 0;
		};
		499762E52BFF8031009D6EF5 /* Sources */ = {
			isa = PBXSourcesBuildPhase;
			buildActionMask = 2147483647;
			files = (
				499763162BFF8181009D6EF5 /* BenchTimer.swift in Sources */,
				499763172BFF8181009D6EF5 /* TreeNode.swift in Sources */,
				499763182BFF8181009D6EF5 /* Node.swift in Sources */,
				499763192BFF8181009D6EF5 /* ListNode.swift in Sources */,
				499763322BFF85D7009D6EF5 /* main.swift in Sources */,
			);
			runOnlyForDeploymentPostprocessing = 0;
		};
		499762F02BFF809E009D6EF5 /* Sources */ = {
			isa = PBXSourcesBuildPhase;
			buildActionMask = 2147483647;
			files = (
				4997631A2BFF8181009D6EF5 /* BenchTimer.swift in Sources */,
				4997631B2BFF8181009D6EF5 /* TreeNode.swift in Sources */,
				4997631C2BFF8181009D6EF5 /* Node.swift in Sources */,
				4997631D2BFF8181009D6EF5 /* ListNode.swift in Sources */,
				499763332BFF85D8009D6EF5 /* main.swift in Sources */,
				499763372BFF88A7009D6EF5 /* LeetCode75.swift in Sources */,
			);
			runOnlyForDeploymentPostprocessing = 0;
		};
/* End PBXSourcesBuildPhase section */

/* Begin XCBuildConfiguration section */
		494A7B5728B91461008CDBFE /* Debug */ = {
			isa = XCBuildConfiguration;
			buildSettings = {
				ALWAYS_EMBED_SWIFT_STANDARD_LIBRARIES = "$(EMBEDDED_CONTENT_CONTAINS_SWIFT)";
				ALWAYS_SEARCH_USER_PATHS = NO;
				ARCHS = "$(ARCHS_STANDARD)";
				CLANG_ANALYZER_NONNULL = YES;
				CLANG_ANALYZER_NUMBER_OBJECT_CONVERSION = YES_AGGRESSIVE;
				CLANG_CXX_LANGUAGE_STANDARD = "gnu++17";
				CLANG_ENABLE_MODULES = YES;
				CLANG_ENABLE_OBJC_ARC = YES;
				CLANG_ENABLE_OBJC_WEAK = YES;
				CLANG_WARN_BLOCK_CAPTURE_AUTORELEASING = YES;
				CLANG_WARN_BOOL_CONVERSION = YES;
				CLANG_WARN_COMMA = YES;
				CLANG_WARN_CONSTANT_CONVERSION = YES;
				CLANG_WARN_DEPRECATED_OBJC_IMPLEMENTATIONS = YES;
				CLANG_WARN_DIRECT_OBJC_ISA_USAGE = YES_ERROR;
				CLANG_WARN_DOCUMENTATION_COMMENTS = YES;
				CLANG_WARN_EMPTY_BODY = YES;
				CLANG_WARN_ENUM_CONVERSION = YES;
				CLANG_WARN_INFINITE_RECURSION = YES;
				CLANG_WARN_INT_CONVERSION = YES;
				CLANG_WARN_NON_LITERAL_NULL_CONVERSION = YES;
				CLANG_WARN_OBJC_IMPLICIT_RETAIN_SELF = YES;
				CLANG_WARN_OBJC_LITERAL_CONVERSION = YES;
				CLANG_WARN_OBJC_ROOT_CLASS = YES_ERROR;
				CLANG_WARN_QUOTED_INCLUDE_IN_FRAMEWORK_HEADER = YES;
				CLANG_WARN_RANGE_LOOP_ANALYSIS = YES;
				CLANG_WARN_STRICT_PROTOTYPES = YES;
				CLANG_WARN_SUSPICIOUS_MOVE = YES;
				CLANG_WARN_UNGUARDED_AVAILABILITY = YES_AGGRESSIVE;
				CLANG_WARN_UNREACHABLE_CODE = YES;
				CLANG_WARN__DUPLICATE_METHOD_MATCH = YES;
				COPY_PHASE_STRIP = NO;
				DEBUG_INFORMATION_FORMAT = dwarf;
				DEFINES_MODULE = YES;
				ENABLE_STRICT_OBJC_MSGSEND = YES;
				ENABLE_TESTABILITY = YES;
				GCC_C_LANGUAGE_STANDARD = gnu11;
				GCC_DYNAMIC_NO_PIC = NO;
				GCC_NO_COMMON_BLOCKS = YES;
				GCC_OPTIMIZATION_LEVEL = 0;
				GCC_PREPROCESSOR_DEFINITIONS = (
					"DEBUG=1",
					"$(inherited)",
				);
				GCC_WARN_64_TO_32_BIT_CONVERSION = YES;
				GCC_WARN_ABOUT_RETURN_TYPE = YES_ERROR;
				GCC_WARN_UNDECLARED_SELECTOR = YES;
				GCC_WARN_UNINITIALIZED_AUTOS = YES_AGGRESSIVE;
				GCC_WARN_UNUSED_FUNCTION = YES;
				GCC_WARN_UNUSED_VARIABLE = YES;
				MACOSX_DEPLOYMENT_TARGET = 13.0;
				MARKETING_VERSION = 1.0.0;
				MTL_ENABLE_DEBUG_INFO = INCLUDE_SOURCE;
				MTL_FAST_MATH = YES;
				ONLY_ACTIVE_ARCH = NO;
				SDKROOT = macosx;
				SWIFT_ACTIVE_COMPILATION_CONDITIONS = DEBUG;
				SWIFT_OPTIMIZATION_LEVEL = "-Onone";
			};
			name = Debug;
		};
		494A7B5828B91461008CDBFE /* Release */ = {
			isa = XCBuildConfiguration;
			buildSettings = {
				ALWAYS_EMBED_SWIFT_STANDARD_LIBRARIES = "$(EMBEDDED_CONTENT_CONTAINS_SWIFT)";
				ALWAYS_SEARCH_USER_PATHS = NO;
				ARCHS = "$(ARCHS_STANDARD)";
				CLANG_ANALYZER_NONNULL = YES;
				CLANG_ANALYZER_NUMBER_OBJECT_CONVERSION = YES_AGGRESSIVE;
				CLANG_CXX_LANGUAGE_STANDARD = "gnu++17";
				CLANG_ENABLE_MODULES = YES;
				CLANG_ENABLE_OBJC_ARC = YES;
				CLANG_ENABLE_OBJC_WEAK = YES;
				CLANG_WARN_BLOCK_CAPTURE_AUTORELEASING = YES;
				CLANG_WARN_BOOL_CONVERSION = YES;
				CLANG_WARN_COMMA = YES;
				CLANG_WARN_CONSTANT_CONVERSION = YES;
				CLANG_WARN_DEPRECATED_OBJC_IMPLEMENTATIONS = YES;
				CLANG_WARN_DIRECT_OBJC_ISA_USAGE = YES_ERROR;
				CLANG_WARN_DOCUMENTATION_COMMENTS = YES;
				CLANG_WARN_EMPTY_BODY = YES;
				CLANG_WARN_ENUM_CONVERSION = YES;
				CLANG_WARN_INFINITE_RECURSION = YES;
				CLANG_WARN_INT_CONVERSION = YES;
				CLANG_WARN_NON_LITERAL_NULL_CONVERSION = YES;
				CLANG_WARN_OBJC_IMPLICIT_RETAIN_SELF = YES;
				CLANG_WARN_OBJC_LITERAL_CONVERSION = YES;
				CLANG_WARN_OBJC_ROOT_CLASS = YES_ERROR;
				CLANG_WARN_QUOTED_INCLUDE_IN_FRAMEWORK_HEADER = YES;
				CLANG_WARN_RANGE_LOOP_ANALYSIS = YES;
				CLANG_WARN_STRICT_PROTOTYPES = YES;
				CLANG_WARN_SUSPICIOUS_MOVE = YES;
				CLANG_WARN_UNGUARDED_AVAILABILITY = YES_AGGRESSIVE;
				CLANG_WARN_UNREACHABLE_CODE = YES;
				CLANG_WARN__DUPLICATE_METHOD_MATCH = YES;
				COPY_PHASE_STRIP = NO;
				DEBUG_INFORMATION_FORMAT = "dwarf-with-dsym";
				DEFINES_MODULE = YES;
				ENABLE_NS_ASSERTIONS = NO;
				ENABLE_STRICT_OBJC_MSGSEND = YES;
				GCC_C_LANGUAGE_STANDARD = gnu11;
				GCC_NO_COMMON_BLOCKS = YES;
				GCC_WARN_64_TO_32_BIT_CONVERSION = YES;
				GCC_WARN_ABOUT_RETURN_TYPE = YES_ERROR;
				GCC_WARN_UNDECLARED_SELECTOR = YES;
				GCC_WARN_UNINITIALIZED_AUTOS = YES_AGGRESSIVE;
				GCC_WARN_UNUSED_FUNCTION = YES;
				GCC_WARN_UNUSED_VARIABLE = YES;
				MACOSX_DEPLOYMENT_TARGET = 13.0;
				MARKETING_VERSION = 1.0.0;
				MTL_ENABLE_DEBUG_INFO = NO;
				MTL_FAST_MATH = YES;
				SDKROOT = macosx;
				SWIFT_COMPILATION_MODE = wholemodule;
				SWIFT_OPTIMIZATION_LEVEL = "-O";
			};
			name = Release;
		};
		494A7B5A28B91461008CDBFE /* Debug */ = {
			isa = XCBuildConfiguration;
			buildSettings = {
				CLANG_CXX_LANGUAGE_STANDARD = "gnu++20";
				CODE_SIGN_STYLE = Automatic;
				DEVELOPMENT_ASSET_PATHS = "Shared/Helpers/BenchTimer.swift Shared/Helpers/Node.swift Shared/Helpers/TreeNode.swift Shared/Helpers Shared/Helpers/ListNode.swift";
				DEVELOPMENT_TEAM = 277JX9R2RP;
				ENABLE_HARDENED_RUNTIME = YES;
				GCC_C_LANGUAGE_STANDARD = gnu17;
				MACOSX_DEPLOYMENT_TARGET = 13.0;
				PRODUCT_BUNDLE_IDENTIFIER = "com.mayer-inc.LeetCode";
				PRODUCT_NAME = "$(TARGET_NAME)";
				SWIFT_VERSION = 5.0;
			};
			name = Debug;
		};
		494A7B5B28B91461008CDBFE /* Release */ = {
			isa = XCBuildConfiguration;
			buildSettings = {
				CLANG_CXX_LANGUAGE_STANDARD = "gnu++20";
				CODE_SIGN_STYLE = Automatic;
				DEVELOPMENT_ASSET_PATHS = "Shared/Helpers/BenchTimer.swift Shared/Helpers/Node.swift Shared/Helpers/TreeNode.swift Shared/Helpers Shared/Helpers/ListNode.swift";
				DEVELOPMENT_TEAM = 277JX9R2RP;
				ENABLE_HARDENED_RUNTIME = YES;
				GCC_C_LANGUAGE_STANDARD = gnu17;
				MACOSX_DEPLOYMENT_TARGET = 13.0;
				PRODUCT_BUNDLE_IDENTIFIER = "com.mayer-inc.LeetCode";
				PRODUCT_NAME = "$(TARGET_NAME)";
				SWIFT_VERSION = 5.0;
			};
			name = Release;
		};
		494A7B6628B91557008CDBFE /* Debug */ = {
			isa = XCBuildConfiguration;
			buildSettings = {
				ARCHS = "$(ARCHS_STANDARD)";
				CODE_SIGN_STYLE = Automatic;
				CURRENT_PROJECT_VERSION = 1;
				DEVELOPMENT_TEAM = 277JX9R2RP;
				GENERATE_INFOPLIST_FILE = YES;
				MACOSX_DEPLOYMENT_TARGET = 13.0;
				MARKETING_VERSION = 1.0;
				PRODUCT_BUNDLE_IDENTIFIER = "com.mayer-inc.LeetCode-UnitTests";
				PRODUCT_NAME = "$(TARGET_NAME)";
				SWIFT_EMIT_LOC_STRINGS = NO;
				SWIFT_VERSION = 5.0;
			};
			name = Debug;
		};
		494A7B6728B91557008CDBFE /* Release */ = {
			isa = XCBuildConfiguration;
			buildSettings = {
				ARCHS = "$(ARCHS_STANDARD)";
				CODE_SIGN_STYLE = Automatic;
				CURRENT_PROJECT_VERSION = 1;
				DEVELOPMENT_TEAM = 277JX9R2RP;
				GENERATE_INFOPLIST_FILE = YES;
				MACOSX_DEPLOYMENT_TARGET = 13.0;
				MARKETING_VERSION = 1.0;
				PRODUCT_BUNDLE_IDENTIFIER = "com.mayer-inc.LeetCode-UnitTests";
				PRODUCT_NAME = "$(TARGET_NAME)";
				SWIFT_EMIT_LOC_STRINGS = NO;
				SWIFT_VERSION = 5.0;
			};
			name = Release;
		};
		499762EE2BFF8031009D6EF5 /* Debug */ = {
			isa = XCBuildConfiguration;
			buildSettings = {
				CLANG_CXX_LANGUAGE_STANDARD = "gnu++20";
				CODE_SIGN_STYLE = Automatic;
				DEVELOPMENT_ASSET_PATHS = "Shared/Helpers/BenchTimer.swift Shared/Helpers/Node.swift Shared/Helpers/TreeNode.swift Shared/Helpers Shared/Helpers/ListNode.swift";
				DEVELOPMENT_TEAM = 277JX9R2RP;
				ENABLE_HARDENED_RUNTIME = YES;
				ENABLE_USER_SCRIPT_SANDBOXING = NO;
				GCC_C_LANGUAGE_STANDARD = gnu17;
				LOCALIZATION_PREFERS_STRING_CATALOGS = NO;
				MACOSX_DEPLOYMENT_TARGET = 13.0;
				ONLY_ACTIVE_ARCH = NO;
				PRODUCT_BUNDLE_IDENTIFIER = "com.mayer-inc.LeetCode75";
				PRODUCT_NAME = "$(TARGET_NAME)";
				SWIFT_ACTIVE_COMPILATION_CONDITIONS = DEBUG;
				SWIFT_VERSION = 5.0;
			};
			name = Debug;
		};
		499762EF2BFF8031009D6EF5 /* Release */ = {
			isa = XCBuildConfiguration;
			buildSettings = {
				CLANG_CXX_LANGUAGE_STANDARD = "gnu++20";
				CODE_SIGN_STYLE = Automatic;
				DEVELOPMENT_ASSET_PATHS = "Shared/Helpers/BenchTimer.swift Shared/Helpers/Node.swift Shared/Helpers/TreeNode.swift Shared/Helpers Shared/Helpers/ListNode.swift";
				DEVELOPMENT_TEAM = 277JX9R2RP;
				ENABLE_HARDENED_RUNTIME = YES;
				ENABLE_USER_SCRIPT_SANDBOXING = NO;
				GCC_C_LANGUAGE_STANDARD = gnu17;
				LOCALIZATION_PREFERS_STRING_CATALOGS = NO;
				MACOSX_DEPLOYMENT_TARGET = 13.0;
				ONLY_ACTIVE_ARCH = NO;
				PRODUCT_BUNDLE_IDENTIFIER = "com.mayer-inc.LeetCode75";
				PRODUCT_NAME = "$(TARGET_NAME)";
				SWIFT_VERSION = 5.0;
			};
			name = Release;
		};
		499762F92BFF809E009D6EF5 /* Debug */ = {
			isa = XCBuildConfiguration;
			buildSettings = {
				ASSETCATALOG_COMPILER_GENERATE_SWIFT_ASSET_SYMBOL_EXTENSIONS = YES;
				CLANG_CXX_LANGUAGE_STANDARD = "gnu++20";
				CODE_SIGN_STYLE = Automatic;
				CURRENT_PROJECT_VERSION = 1;
				DEVELOPMENT_TEAM = 277JX9R2RP;
				ENABLE_USER_SCRIPT_SANDBOXING = YES;
				GCC_C_LANGUAGE_STANDARD = gnu17;
				GENERATE_INFOPLIST_FILE = YES;
				LOCALIZATION_PREFERS_STRING_CATALOGS = YES;
				MACOSX_DEPLOYMENT_TARGET = 13.0;
				MARKETING_VERSION = 1.0;
				ONLY_ACTIVE_ARCH = NO;
				PRODUCT_BUNDLE_IDENTIFIER = "com.mayer-inc.LeetCode75-UnitTests";
				PRODUCT_NAME = "$(TARGET_NAME)";
				SWIFT_ACTIVE_COMPILATION_CONDITIONS = "DEBUG $(inherited)";
				SWIFT_EMIT_LOC_STRINGS = NO;
				SWIFT_VERSION = 5.0;
			};
			name = Debug;
		};
		499762FA2BFF809E009D6EF5 /* Release */ = {
			isa = XCBuildConfiguration;
			buildSettings = {
				ASSETCATALOG_COMPILER_GENERATE_SWIFT_ASSET_SYMBOL_EXTENSIONS = YES;
				CLANG_CXX_LANGUAGE_STANDARD = "gnu++20";
				CODE_SIGN_STYLE = Automatic;
				CURRENT_PROJECT_VERSION = 1;
				DEVELOPMENT_TEAM = 277JX9R2RP;
				ENABLE_USER_SCRIPT_SANDBOXING = YES;
				GCC_C_LANGUAGE_STANDARD = gnu17;
				GENERATE_INFOPLIST_FILE = YES;
				LOCALIZATION_PREFERS_STRING_CATALOGS = YES;
				MACOSX_DEPLOYMENT_TARGET = 13.0;
				MARKETING_VERSION = 1.0;
				ONLY_ACTIVE_ARCH = NO;
				PRODUCT_BUNDLE_IDENTIFIER = "com.mayer-inc.LeetCode75-UnitTests";
				PRODUCT_NAME = "$(TARGET_NAME)";
				SWIFT_EMIT_LOC_STRINGS = NO;
				SWIFT_VERSION = 5.0;
			};
			name = Release;
		};
/* End XCBuildConfiguration section */

/* Begin XCConfigurationList section */
		494A7B4D28B91461008CDBFE /* Build configuration list for PBXProject "LeetCode" */ = {
			isa = XCConfigurationList;
			buildConfigurations = (
				494A7B5728B91461008CDBFE /* Debug */,
				494A7B5828B91461008CDBFE /* Release */,
			);
			defaultConfigurationIsVisible = 0;
			defaultConfigurationName = Release;
		};
		494A7B5928B91461008CDBFE /* Build configuration list for PBXNativeTarget "LeetCode" */ = {
			isa = XCConfigurationList;
			buildConfigurations = (
				494A7B5A28B91461008CDBFE /* Debug */,
				494A7B5B28B91461008CDBFE /* Release */,
			);
			defaultConfigurationIsVisible = 0;
			defaultConfigurationName = Release;
		};
		494A7B6528B91557008CDBFE /* Build configuration list for PBXNativeTarget "LeetCode_UnitTests" */ = {
			isa = XCConfigurationList;
			buildConfigurations = (
				494A7B6628B91557008CDBFE /* Debug */,
				494A7B6728B91557008CDBFE /* Release */,
			);
			defaultConfigurationIsVisible = 0;
			defaultConfigurationName = Release;
		};
		499762ED2BFF8031009D6EF5 /* Build configuration list for PBXNativeTarget "LeetCode75" */ = {
			isa = XCConfigurationList;
			buildConfigurations = (
				499762EE2BFF8031009D6EF5 /* Debug */,
				499762EF2BFF8031009D6EF5 /* Release */,
			);
			defaultConfigurationIsVisible = 0;
			defaultConfigurationName = Release;
		};
		499762F82BFF809E009D6EF5 /* Build configuration list for PBXNativeTarget "LeetCode75_UnitTests" */ = {
			isa = XCConfigurationList;
			buildConfigurations = (
				499762F92BFF809E009D6EF5 /* Debug */,
				499762FA2BFF809E009D6EF5 /* Release */,
			);
			defaultConfigurationIsVisible = 0;
			defaultConfigurationName = Release;
		};
/* End XCConfigurationList section */
	};
	rootObject = 494A7B4A28B91461008CDBFE /* Project object */;
}
